
Microsoft Visual Studio Solution File, Format Version 12.00
# Visual Studio Version 16
VisualStudioVersion = 16.0.29324.140
MinimumVisualStudioVersion = 10.0.40219.1
Project("{2150E333-8FDC-42A3-9474-1A3956D46DE8}") = "SolutionItems", "SolutionItems", "{0FE9671B-BD9A-4077-8124-70824E440ED8}"
	ProjectSection(SolutionItems) = preProject
		appveyor.yml = appveyor.yml
		Directory.build.props = Directory.build.props
		Directory.build.targets = Directory.build.targets
		global.json = global.json
		README.md = README.md
	EndProjectSection
EndProject
Project("{9A19103F-16F7-4668-BE54-9A1E7A4F7556}") = "Rg.Plugins.Popup", "Rg.Plugins.Popup\Rg.Plugins.Popup.csproj", "{CF223C1D-733A-4482-81D3-DCA3E4A6A8B7}"
EndProject
Project("{2150E333-8FDC-42A3-9474-1A3956D46DE8}") = "Samples", "Samples", "{04D48DA4-E0DD-4E8A-A124-B656FE163F41}"
	ProjectSection(SolutionItems) = preProject
		Samples\Directory.build.props = Samples\Directory.build.props
		Samples\Directory.build.targets = Samples\Directory.build.targets
	EndProjectSection
EndProject
Project("{9A19103F-16F7-4668-BE54-9A1E7A4F7556}") = "Demo", "Samples\Demo\Demo.csproj", "{9C32B21E-00A0-4539-A691-A8317F55B532}"
EndProject
Project("{FAE04EC0-301F-11D3-BF4B-00C04F79EFBC}") = "Demo.Droid", "Samples\Demo.Droid\Demo.Droid.csproj", "{2313B988-4902-41B3-B1F4-34C6CB96D1EC}"
EndProject
Project("{FAE04EC0-301F-11D3-BF4B-00C04F79EFBC}") = "Demo.iOS", "Samples\Demo.iOS\Demo.iOS.csproj", "{FB41D289-8F5F-4074-A453-8FA9F0799CED}"
EndProject
Project("{FAE04EC0-301F-11D3-BF4B-00C04F79EFBC}") = "Demo.UWP", "Samples\Demo.UWP\Demo.UWP.csproj", "{DA3BC66C-C465-4F58-A098-93EA16C86777}"
EndProject
Project("{9A19103F-16F7-4668-BE54-9A1E7A4F7556}") = "Demo.Tizen", "Samples\Demo.Tizen\Demo.Tizen.csproj", "{629564FB-8C63-40BD-BD06-FE2453BB461F}"
EndProject
Project("{FAE04EC0-301F-11D3-BF4B-00C04F79EFBC}") = "Demo.WPF", "Samples\Demo.WPF\Demo.WPF.csproj", "{0C21CF96-BEE6-4683-B061-14E69A4D2AB9}"
EndProject
Project("{FAE04EC0-301F-11D3-BF4B-00C04F79EFBC}") = "Demo.Mac", "Samples\Demo.Mac\Demo.Mac.csproj", "{AE8BE751-A884-410B-957C-7F5B643BDEF7}"
EndProject
Global
	GlobalSection(SolutionConfigurationPlatforms) = preSolution
		Ad-Hoc|Any CPU = Ad-Hoc|Any CPU
		Ad-Hoc|ARM = Ad-Hoc|ARM
		Ad-Hoc|iPhone = Ad-Hoc|iPhone
		Ad-Hoc|iPhoneSimulator = Ad-Hoc|iPhoneSimulator
		Ad-Hoc|x64 = Ad-Hoc|x64
		Ad-Hoc|x86 = Ad-Hoc|x86
		AppStore|Any CPU = AppStore|Any CPU
		AppStore|ARM = AppStore|ARM
		AppStore|iPhone = AppStore|iPhone
		AppStore|iPhoneSimulator = AppStore|iPhoneSimulator
		AppStore|x64 = AppStore|x64
		AppStore|x86 = AppStore|x86
		Debug|Any CPU = Debug|Any CPU
		Debug|ARM = Debug|ARM
		Debug|iPhone = Debug|iPhone
		Debug|iPhoneSimulator = Debug|iPhoneSimulator
		Debug|x64 = Debug|x64
		Debug|x86 = Debug|x86
		Publish|Any CPU = Publish|Any CPU
		Publish|ARM = Publish|ARM
		Publish|iPhone = Publish|iPhone
		Publish|iPhoneSimulator = Publish|iPhoneSimulator
		Publish|x64 = Publish|x64
		Publish|x86 = Publish|x86
		Release|Any CPU = Release|Any CPU
		Release|ARM = Release|ARM
		Release|iPhone = Release|iPhone
		Release|iPhoneSimulator = Release|iPhoneSimulator
		Release|x64 = Release|x64
		Release|x86 = Release|x86
	EndGlobalSection
	GlobalSection(ProjectConfigurationPlatforms) = postSolution
		{CF223C1D-733A-4482-81D3-DCA3E4A6A8B7}.Ad-Hoc|Any CPU.ActiveCfg = Debug|Any CPU
		{CF223C1D-733A-4482-81D3-DCA3E4A6A8B7}.Ad-Hoc|Any CPU.Build.0 = Debug|Any CPU
		{CF223C1D-733A-4482-81D3-DCA3E4A6A8B7}.Ad-Hoc|ARM.ActiveCfg = Debug|Any CPU
		{CF223C1D-733A-4482-81D3-DCA3E4A6A8B7}.Ad-Hoc|ARM.Build.0 = Debug|Any CPU
		{CF223C1D-733A-4482-81D3-DCA3E4A6A8B7}.Ad-Hoc|iPhone.ActiveCfg = Debug|Any CPU
		{CF223C1D-733A-4482-81D3-DCA3E4A6A8B7}.Ad-Hoc|iPhone.Build.0 = Debug|Any CPU
		{CF223C1D-733A-4482-81D3-DCA3E4A6A8B7}.Ad-Hoc|iPhoneSimulator.ActiveCfg = Debug|Any CPU
		{CF223C1D-733A-4482-81D3-DCA3E4A6A8B7}.Ad-Hoc|iPhoneSimulator.Build.0 = Debug|Any CPU
		{CF223C1D-733A-4482-81D3-DCA3E4A6A8B7}.Ad-Hoc|x64.ActiveCfg = Debug|Any CPU
		{CF223C1D-733A-4482-81D3-DCA3E4A6A8B7}.Ad-Hoc|x64.Build.0 = Debug|Any CPU
		{CF223C1D-733A-4482-81D3-DCA3E4A6A8B7}.Ad-Hoc|x86.ActiveCfg = Debug|Any CPU
		{CF223C1D-733A-4482-81D3-DCA3E4A6A8B7}.Ad-Hoc|x86.Build.0 = Debug|Any CPU
		{CF223C1D-733A-4482-81D3-DCA3E4A6A8B7}.AppStore|Any CPU.ActiveCfg = Debug|Any CPU
		{CF223C1D-733A-4482-81D3-DCA3E4A6A8B7}.AppStore|Any CPU.Build.0 = Debug|Any CPU
		{CF223C1D-733A-4482-81D3-DCA3E4A6A8B7}.AppStore|ARM.ActiveCfg = Debug|Any CPU
		{CF223C1D-733A-4482-81D3-DCA3E4A6A8B7}.AppStore|ARM.Build.0 = Debug|Any CPU
		{CF223C1D-733A-4482-81D3-DCA3E4A6A8B7}.AppStore|iPhone.ActiveCfg = Debug|Any CPU
		{CF223C1D-733A-4482-81D3-DCA3E4A6A8B7}.AppStore|iPhone.Build.0 = Debug|Any CPU
		{CF223C1D-733A-4482-81D3-DCA3E4A6A8B7}.AppStore|iPhoneSimulator.ActiveCfg = Debug|Any CPU
		{CF223C1D-733A-4482-81D3-DCA3E4A6A8B7}.AppStore|iPhoneSimulator.Build.0 = Debug|Any CPU
		{CF223C1D-733A-4482-81D3-DCA3E4A6A8B7}.AppStore|x64.ActiveCfg = Debug|Any CPU
		{CF223C1D-733A-4482-81D3-DCA3E4A6A8B7}.AppStore|x64.Build.0 = Debug|Any CPU
		{CF223C1D-733A-4482-81D3-DCA3E4A6A8B7}.AppStore|x86.ActiveCfg = Debug|Any CPU
		{CF223C1D-733A-4482-81D3-DCA3E4A6A8B7}.AppStore|x86.Build.0 = Debug|Any CPU
		{CF223C1D-733A-4482-81D3-DCA3E4A6A8B7}.Debug|Any CPU.ActiveCfg = Debug|Any CPU
		{CF223C1D-733A-4482-81D3-DCA3E4A6A8B7}.Debug|Any CPU.Build.0 = Debug|Any CPU
		{CF223C1D-733A-4482-81D3-DCA3E4A6A8B7}.Debug|ARM.ActiveCfg = Debug|Any CPU
		{CF223C1D-733A-4482-81D3-DCA3E4A6A8B7}.Debug|ARM.Build.0 = Debug|Any CPU
		{CF223C1D-733A-4482-81D3-DCA3E4A6A8B7}.Debug|iPhone.ActiveCfg = Debug|Any CPU
		{CF223C1D-733A-4482-81D3-DCA3E4A6A8B7}.Debug|iPhone.Build.0 = Debug|Any CPU
		{CF223C1D-733A-4482-81D3-DCA3E4A6A8B7}.Debug|iPhoneSimulator.ActiveCfg = Debug|Any CPU
		{CF223C1D-733A-4482-81D3-DCA3E4A6A8B7}.Debug|iPhoneSimulator.Build.0 = Debug|Any CPU
		{CF223C1D-733A-4482-81D3-DCA3E4A6A8B7}.Debug|x64.ActiveCfg = Debug|Any CPU
		{CF223C1D-733A-4482-81D3-DCA3E4A6A8B7}.Debug|x64.Build.0 = Debug|Any CPU
		{CF223C1D-733A-4482-81D3-DCA3E4A6A8B7}.Debug|x86.ActiveCfg = Debug|Any CPU
		{CF223C1D-733A-4482-81D3-DCA3E4A6A8B7}.Debug|x86.Build.0 = Debug|Any CPU
		{CF223C1D-733A-4482-81D3-DCA3E4A6A8B7}.Publish|Any CPU.ActiveCfg = Debug|Any CPU
		{CF223C1D-733A-4482-81D3-DCA3E4A6A8B7}.Publish|Any CPU.Build.0 = Debug|Any CPU
		{CF223C1D-733A-4482-81D3-DCA3E4A6A8B7}.Publish|ARM.ActiveCfg = Debug|Any CPU
		{CF223C1D-733A-4482-81D3-DCA3E4A6A8B7}.Publish|ARM.Build.0 = Debug|Any CPU
		{CF223C1D-733A-4482-81D3-DCA3E4A6A8B7}.Publish|iPhone.ActiveCfg = Debug|Any CPU
		{CF223C1D-733A-4482-81D3-DCA3E4A6A8B7}.Publish|iPhone.Build.0 = Debug|Any CPU
		{CF223C1D-733A-4482-81D3-DCA3E4A6A8B7}.Publish|iPhoneSimulator.ActiveCfg = Debug|Any CPU
		{CF223C1D-733A-4482-81D3-DCA3E4A6A8B7}.Publish|iPhoneSimulator.Build.0 = Debug|Any CPU
		{CF223C1D-733A-4482-81D3-DCA3E4A6A8B7}.Publish|x64.ActiveCfg = Debug|Any CPU
		{CF223C1D-733A-4482-81D3-DCA3E4A6A8B7}.Publish|x64.Build.0 = Debug|Any CPU
		{CF223C1D-733A-4482-81D3-DCA3E4A6A8B7}.Publish|x86.ActiveCfg = Debug|Any CPU
		{CF223C1D-733A-4482-81D3-DCA3E4A6A8B7}.Publish|x86.Build.0 = Debug|Any CPU
		{CF223C1D-733A-4482-81D3-DCA3E4A6A8B7}.Release|Any CPU.ActiveCfg = Release|Any CPU
		{CF223C1D-733A-4482-81D3-DCA3E4A6A8B7}.Release|Any CPU.Build.0 = Release|Any CPU
		{CF223C1D-733A-4482-81D3-DCA3E4A6A8B7}.Release|ARM.ActiveCfg = Release|Any CPU
		{CF223C1D-733A-4482-81D3-DCA3E4A6A8B7}.Release|ARM.Build.0 = Release|Any CPU
		{CF223C1D-733A-4482-81D3-DCA3E4A6A8B7}.Release|iPhone.ActiveCfg = Release|Any CPU
		{CF223C1D-733A-4482-81D3-DCA3E4A6A8B7}.Release|iPhone.Build.0 = Release|Any CPU
		{CF223C1D-733A-4482-81D3-DCA3E4A6A8B7}.Release|iPhoneSimulator.ActiveCfg = Release|Any CPU
		{CF223C1D-733A-4482-81D3-DCA3E4A6A8B7}.Release|iPhoneSimulator.Build.0 = Release|Any CPU
		{CF223C1D-733A-4482-81D3-DCA3E4A6A8B7}.Release|x64.ActiveCfg = Release|Any CPU
		{CF223C1D-733A-4482-81D3-DCA3E4A6A8B7}.Release|x64.Build.0 = Release|Any CPU
		{CF223C1D-733A-4482-81D3-DCA3E4A6A8B7}.Release|x86.ActiveCfg = Release|Any CPU
		{CF223C1D-733A-4482-81D3-DCA3E4A6A8B7}.Release|x86.Build.0 = Release|Any CPU
		{9C32B21E-00A0-4539-A691-A8317F55B532}.Ad-Hoc|Any CPU.ActiveCfg = Debug|Any CPU
		{9C32B21E-00A0-4539-A691-A8317F55B532}.Ad-Hoc|Any CPU.Build.0 = Debug|Any CPU
		{9C32B21E-00A0-4539-A691-A8317F55B532}.Ad-Hoc|ARM.ActiveCfg = Debug|Any CPU
		{9C32B21E-00A0-4539-A691-A8317F55B532}.Ad-Hoc|ARM.Build.0 = Debug|Any CPU
		{9C32B21E-00A0-4539-A691-A8317F55B532}.Ad-Hoc|iPhone.ActiveCfg = Debug|Any CPU
		{9C32B21E-00A0-4539-A691-A8317F55B532}.Ad-Hoc|iPhone.Build.0 = Debug|Any CPU
		{9C32B21E-00A0-4539-A691-A8317F55B532}.Ad-Hoc|iPhoneSimulator.ActiveCfg = Debug|Any CPU
		{9C32B21E-00A0-4539-A691-A8317F55B532}.Ad-Hoc|iPhoneSimulator.Build.0 = Debug|Any CPU
		{9C32B21E-00A0-4539-A691-A8317F55B532}.Ad-Hoc|x64.ActiveCfg = Debug|Any CPU
		{9C32B21E-00A0-4539-A691-A8317F55B532}.Ad-Hoc|x64.Build.0 = Debug|Any CPU
		{9C32B21E-00A0-4539-A691-A8317F55B532}.Ad-Hoc|x86.ActiveCfg = Debug|Any CPU
		{9C32B21E-00A0-4539-A691-A8317F55B532}.Ad-Hoc|x86.Build.0 = Debug|Any CPU
		{9C32B21E-00A0-4539-A691-A8317F55B532}.AppStore|Any CPU.ActiveCfg = Debug|Any CPU
		{9C32B21E-00A0-4539-A691-A8317F55B532}.AppStore|Any CPU.Build.0 = Debug|Any CPU
		{9C32B21E-00A0-4539-A691-A8317F55B532}.AppStore|ARM.ActiveCfg = Debug|Any CPU
		{9C32B21E-00A0-4539-A691-A8317F55B532}.AppStore|ARM.Build.0 = Debug|Any CPU
		{9C32B21E-00A0-4539-A691-A8317F55B532}.AppStore|iPhone.ActiveCfg = Debug|Any CPU
		{9C32B21E-00A0-4539-A691-A8317F55B532}.AppStore|iPhone.Build.0 = Debug|Any CPU
		{9C32B21E-00A0-4539-A691-A8317F55B532}.AppStore|iPhoneSimulator.ActiveCfg = Debug|Any CPU
		{9C32B21E-00A0-4539-A691-A8317F55B532}.AppStore|iPhoneSimulator.Build.0 = Debug|Any CPU
		{9C32B21E-00A0-4539-A691-A8317F55B532}.AppStore|x64.ActiveCfg = Debug|Any CPU
		{9C32B21E-00A0-4539-A691-A8317F55B532}.AppStore|x64.Build.0 = Debug|Any CPU
		{9C32B21E-00A0-4539-A691-A8317F55B532}.AppStore|x86.ActiveCfg = Debug|Any CPU
		{9C32B21E-00A0-4539-A691-A8317F55B532}.AppStore|x86.Build.0 = Debug|Any CPU
		{9C32B21E-00A0-4539-A691-A8317F55B532}.Debug|Any CPU.ActiveCfg = Debug|Any CPU
		{9C32B21E-00A0-4539-A691-A8317F55B532}.Debug|Any CPU.Build.0 = Debug|Any CPU
		{9C32B21E-00A0-4539-A691-A8317F55B532}.Debug|ARM.ActiveCfg = Debug|Any CPU
		{9C32B21E-00A0-4539-A691-A8317F55B532}.Debug|ARM.Build.0 = Debug|Any CPU
		{9C32B21E-00A0-4539-A691-A8317F55B532}.Debug|iPhone.ActiveCfg = Debug|Any CPU
		{9C32B21E-00A0-4539-A691-A8317F55B532}.Debug|iPhone.Build.0 = Debug|Any CPU
		{9C32B21E-00A0-4539-A691-A8317F55B532}.Debug|iPhoneSimulator.ActiveCfg = Debug|Any CPU
		{9C32B21E-00A0-4539-A691-A8317F55B532}.Debug|iPhoneSimulator.Build.0 = Debug|Any CPU
		{9C32B21E-00A0-4539-A691-A8317F55B532}.Debug|x64.ActiveCfg = Debug|Any CPU
		{9C32B21E-00A0-4539-A691-A8317F55B532}.Debug|x64.Build.0 = Debug|Any CPU
		{9C32B21E-00A0-4539-A691-A8317F55B532}.Debug|x86.ActiveCfg = Debug|Any CPU
		{9C32B21E-00A0-4539-A691-A8317F55B532}.Debug|x86.Build.0 = Debug|Any CPU
		{9C32B21E-00A0-4539-A691-A8317F55B532}.Publish|Any CPU.ActiveCfg = Debug|Any CPU
		{9C32B21E-00A0-4539-A691-A8317F55B532}.Publish|Any CPU.Build.0 = Debug|Any CPU
		{9C32B21E-00A0-4539-A691-A8317F55B532}.Publish|ARM.ActiveCfg = Debug|Any CPU
		{9C32B21E-00A0-4539-A691-A8317F55B532}.Publish|ARM.Build.0 = Debug|Any CPU
		{9C32B21E-00A0-4539-A691-A8317F55B532}.Publish|iPhone.ActiveCfg = Debug|Any CPU
		{9C32B21E-00A0-4539-A691-A8317F55B532}.Publish|iPhone.Build.0 = Debug|Any CPU
		{9C32B21E-00A0-4539-A691-A8317F55B532}.Publish|iPhoneSimulator.ActiveCfg = Debug|Any CPU
		{9C32B21E-00A0-4539-A691-A8317F55B532}.Publish|iPhoneSimulator.Build.0 = Debug|Any CPU
		{9C32B21E-00A0-4539-A691-A8317F55B532}.Publish|x64.ActiveCfg = Debug|Any CPU
		{9C32B21E-00A0-4539-A691-A8317F55B532}.Publish|x64.Build.0 = Debug|Any CPU
		{9C32B21E-00A0-4539-A691-A8317F55B532}.Publish|x86.ActiveCfg = Debug|Any CPU
		{9C32B21E-00A0-4539-A691-A8317F55B532}.Publish|x86.Build.0 = Debug|Any CPU
		{9C32B21E-00A0-4539-A691-A8317F55B532}.Release|Any CPU.ActiveCfg = Release|Any CPU
		{9C32B21E-00A0-4539-A691-A8317F55B532}.Release|ARM.ActiveCfg = Release|Any CPU
		{9C32B21E-00A0-4539-A691-A8317F55B532}.Release|ARM.Build.0 = Release|Any CPU
		{9C32B21E-00A0-4539-A691-A8317F55B532}.Release|iPhone.ActiveCfg = Release|Any CPU
		{9C32B21E-00A0-4539-A691-A8317F55B532}.Release|iPhone.Build.0 = Release|Any CPU
		{9C32B21E-00A0-4539-A691-A8317F55B532}.Release|iPhoneSimulator.ActiveCfg = Release|Any CPU
		{9C32B21E-00A0-4539-A691-A8317F55B532}.Release|iPhoneSimulator.Build.0 = Release|Any CPU
		{9C32B21E-00A0-4539-A691-A8317F55B532}.Release|x64.ActiveCfg = Release|Any CPU
		{9C32B21E-00A0-4539-A691-A8317F55B532}.Release|x64.Build.0 = Release|Any CPU
		{9C32B21E-00A0-4539-A691-A8317F55B532}.Release|x86.ActiveCfg = Release|Any CPU
		{9C32B21E-00A0-4539-A691-A8317F55B532}.Release|x86.Build.0 = Release|Any CPU
		{2313B988-4902-41B3-B1F4-34C6CB96D1EC}.Ad-Hoc|Any CPU.ActiveCfg = Release|Any CPU
		{2313B988-4902-41B3-B1F4-34C6CB96D1EC}.Ad-Hoc|Any CPU.Build.0 = Release|Any CPU
		{2313B988-4902-41B3-B1F4-34C6CB96D1EC}.Ad-Hoc|Any CPU.Deploy.0 = Release|Any CPU
		{2313B988-4902-41B3-B1F4-34C6CB96D1EC}.Ad-Hoc|ARM.ActiveCfg = Release|Any CPU
		{2313B988-4902-41B3-B1F4-34C6CB96D1EC}.Ad-Hoc|ARM.Build.0 = Release|Any CPU
		{2313B988-4902-41B3-B1F4-34C6CB96D1EC}.Ad-Hoc|ARM.Deploy.0 = Release|Any CPU
		{2313B988-4902-41B3-B1F4-34C6CB96D1EC}.Ad-Hoc|iPhone.ActiveCfg = Release|Any CPU
		{2313B988-4902-41B3-B1F4-34C6CB96D1EC}.Ad-Hoc|iPhone.Build.0 = Release|Any CPU
		{2313B988-4902-41B3-B1F4-34C6CB96D1EC}.Ad-Hoc|iPhone.Deploy.0 = Release|Any CPU
		{2313B988-4902-41B3-B1F4-34C6CB96D1EC}.Ad-Hoc|iPhoneSimulator.ActiveCfg = Release|Any CPU
		{2313B988-4902-41B3-B1F4-34C6CB96D1EC}.Ad-Hoc|iPhoneSimulator.Build.0 = Release|Any CPU
		{2313B988-4902-41B3-B1F4-34C6CB96D1EC}.Ad-Hoc|iPhoneSimulator.Deploy.0 = Release|Any CPU
		{2313B988-4902-41B3-B1F4-34C6CB96D1EC}.Ad-Hoc|x64.ActiveCfg = Release|Any CPU
		{2313B988-4902-41B3-B1F4-34C6CB96D1EC}.Ad-Hoc|x64.Build.0 = Release|Any CPU
		{2313B988-4902-41B3-B1F4-34C6CB96D1EC}.Ad-Hoc|x64.Deploy.0 = Release|Any CPU
		{2313B988-4902-41B3-B1F4-34C6CB96D1EC}.Ad-Hoc|x86.ActiveCfg = Release|Any CPU
		{2313B988-4902-41B3-B1F4-34C6CB96D1EC}.Ad-Hoc|x86.Build.0 = Release|Any CPU
		{2313B988-4902-41B3-B1F4-34C6CB96D1EC}.Ad-Hoc|x86.Deploy.0 = Release|Any CPU
		{2313B988-4902-41B3-B1F4-34C6CB96D1EC}.AppStore|Any CPU.ActiveCfg = Release|Any CPU
		{2313B988-4902-41B3-B1F4-34C6CB96D1EC}.AppStore|Any CPU.Build.0 = Release|Any CPU
		{2313B988-4902-41B3-B1F4-34C6CB96D1EC}.AppStore|Any CPU.Deploy.0 = Release|Any CPU
		{2313B988-4902-41B3-B1F4-34C6CB96D1EC}.AppStore|ARM.ActiveCfg = Release|Any CPU
		{2313B988-4902-41B3-B1F4-34C6CB96D1EC}.AppStore|ARM.Build.0 = Release|Any CPU
		{2313B988-4902-41B3-B1F4-34C6CB96D1EC}.AppStore|ARM.Deploy.0 = Release|Any CPU
		{2313B988-4902-41B3-B1F4-34C6CB96D1EC}.AppStore|iPhone.ActiveCfg = Release|Any CPU
		{2313B988-4902-41B3-B1F4-34C6CB96D1EC}.AppStore|iPhone.Build.0 = Release|Any CPU
		{2313B988-4902-41B3-B1F4-34C6CB96D1EC}.AppStore|iPhone.Deploy.0 = Release|Any CPU
		{2313B988-4902-41B3-B1F4-34C6CB96D1EC}.AppStore|iPhoneSimulator.ActiveCfg = Release|Any CPU
		{2313B988-4902-41B3-B1F4-34C6CB96D1EC}.AppStore|iPhoneSimulator.Build.0 = Release|Any CPU
		{2313B988-4902-41B3-B1F4-34C6CB96D1EC}.AppStore|iPhoneSimulator.Deploy.0 = Release|Any CPU
		{2313B988-4902-41B3-B1F4-34C6CB96D1EC}.AppStore|x64.ActiveCfg = Release|Any CPU
		{2313B988-4902-41B3-B1F4-34C6CB96D1EC}.AppStore|x64.Build.0 = Release|Any CPU
		{2313B988-4902-41B3-B1F4-34C6CB96D1EC}.AppStore|x64.Deploy.0 = Release|Any CPU
		{2313B988-4902-41B3-B1F4-34C6CB96D1EC}.AppStore|x86.ActiveCfg = Release|Any CPU
		{2313B988-4902-41B3-B1F4-34C6CB96D1EC}.AppStore|x86.Build.0 = Release|Any CPU
		{2313B988-4902-41B3-B1F4-34C6CB96D1EC}.AppStore|x86.Deploy.0 = Release|Any CPU
		{2313B988-4902-41B3-B1F4-34C6CB96D1EC}.Debug|Any CPU.ActiveCfg = Debug|Any CPU
		{2313B988-4902-41B3-B1F4-34C6CB96D1EC}.Debug|Any CPU.Build.0 = Debug|Any CPU
		{2313B988-4902-41B3-B1F4-34C6CB96D1EC}.Debug|Any CPU.Deploy.0 = Debug|Any CPU
		{2313B988-4902-41B3-B1F4-34C6CB96D1EC}.Debug|ARM.ActiveCfg = Debug|Any CPU
		{2313B988-4902-41B3-B1F4-34C6CB96D1EC}.Debug|ARM.Build.0 = Debug|Any CPU
		{2313B988-4902-41B3-B1F4-34C6CB96D1EC}.Debug|ARM.Deploy.0 = Debug|Any CPU
		{2313B988-4902-41B3-B1F4-34C6CB96D1EC}.Debug|iPhone.ActiveCfg = Debug|Any CPU
		{2313B988-4902-41B3-B1F4-34C6CB96D1EC}.Debug|iPhone.Build.0 = Debug|Any CPU
		{2313B988-4902-41B3-B1F4-34C6CB96D1EC}.Debug|iPhone.Deploy.0 = Debug|Any CPU
		{2313B988-4902-41B3-B1F4-34C6CB96D1EC}.Debug|iPhoneSimulator.ActiveCfg = Debug|Any CPU
		{2313B988-4902-41B3-B1F4-34C6CB96D1EC}.Debug|iPhoneSimulator.Build.0 = Debug|Any CPU
		{2313B988-4902-41B3-B1F4-34C6CB96D1EC}.Debug|iPhoneSimulator.Deploy.0 = Debug|Any CPU
		{2313B988-4902-41B3-B1F4-34C6CB96D1EC}.Debug|x64.ActiveCfg = Debug|Any CPU
		{2313B988-4902-41B3-B1F4-34C6CB96D1EC}.Debug|x64.Build.0 = Debug|Any CPU
		{2313B988-4902-41B3-B1F4-34C6CB96D1EC}.Debug|x64.Deploy.0 = Debug|Any CPU
		{2313B988-4902-41B3-B1F4-34C6CB96D1EC}.Debug|x86.ActiveCfg = Debug|Any CPU
		{2313B988-4902-41B3-B1F4-34C6CB96D1EC}.Debug|x86.Build.0 = Debug|Any CPU
		{2313B988-4902-41B3-B1F4-34C6CB96D1EC}.Debug|x86.Deploy.0 = Debug|Any CPU
		{2313B988-4902-41B3-B1F4-34C6CB96D1EC}.Publish|Any CPU.ActiveCfg = Release|Any CPU
		{2313B988-4902-41B3-B1F4-34C6CB96D1EC}.Publish|Any CPU.Build.0 = Release|Any CPU
		{2313B988-4902-41B3-B1F4-34C6CB96D1EC}.Publish|Any CPU.Deploy.0 = Release|Any CPU
		{2313B988-4902-41B3-B1F4-34C6CB96D1EC}.Publish|ARM.ActiveCfg = Release|Any CPU
		{2313B988-4902-41B3-B1F4-34C6CB96D1EC}.Publish|ARM.Build.0 = Release|Any CPU
		{2313B988-4902-41B3-B1F4-34C6CB96D1EC}.Publish|ARM.Deploy.0 = Release|Any CPU
		{2313B988-4902-41B3-B1F4-34C6CB96D1EC}.Publish|iPhone.ActiveCfg = Release|Any CPU
		{2313B988-4902-41B3-B1F4-34C6CB96D1EC}.Publish|iPhone.Build.0 = Release|Any CPU
		{2313B988-4902-41B3-B1F4-34C6CB96D1EC}.Publish|iPhone.Deploy.0 = Release|Any CPU
		{2313B988-4902-41B3-B1F4-34C6CB96D1EC}.Publish|iPhoneSimulator.ActiveCfg = Release|Any CPU
		{2313B988-4902-41B3-B1F4-34C6CB96D1EC}.Publish|iPhoneSimulator.Build.0 = Release|Any CPU
		{2313B988-4902-41B3-B1F4-34C6CB96D1EC}.Publish|iPhoneSimulator.Deploy.0 = Release|Any CPU
		{2313B988-4902-41B3-B1F4-34C6CB96D1EC}.Publish|x64.ActiveCfg = Release|Any CPU
		{2313B988-4902-41B3-B1F4-34C6CB96D1EC}.Publish|x64.Build.0 = Release|Any CPU
		{2313B988-4902-41B3-B1F4-34C6CB96D1EC}.Publish|x64.Deploy.0 = Release|Any CPU
		{2313B988-4902-41B3-B1F4-34C6CB96D1EC}.Publish|x86.ActiveCfg = Release|Any CPU
		{2313B988-4902-41B3-B1F4-34C6CB96D1EC}.Publish|x86.Build.0 = Release|Any CPU
		{2313B988-4902-41B3-B1F4-34C6CB96D1EC}.Publish|x86.Deploy.0 = Release|Any CPU
		{2313B988-4902-41B3-B1F4-34C6CB96D1EC}.Release|Any CPU.ActiveCfg = Release|Any CPU
		{2313B988-4902-41B3-B1F4-34C6CB96D1EC}.Release|ARM.ActiveCfg = Release|Any CPU
		{2313B988-4902-41B3-B1F4-34C6CB96D1EC}.Release|ARM.Build.0 = Release|Any CPU
		{2313B988-4902-41B3-B1F4-34C6CB96D1EC}.Release|ARM.Deploy.0 = Release|Any CPU
		{2313B988-4902-41B3-B1F4-34C6CB96D1EC}.Release|iPhone.ActiveCfg = Release|Any CPU
		{2313B988-4902-41B3-B1F4-34C6CB96D1EC}.Release|iPhone.Build.0 = Release|Any CPU
		{2313B988-4902-41B3-B1F4-34C6CB96D1EC}.Release|iPhone.Deploy.0 = Release|Any CPU
		{2313B988-4902-41B3-B1F4-34C6CB96D1EC}.Release|iPhoneSimulator.ActiveCfg = Release|Any CPU
		{2313B988-4902-41B3-B1F4-34C6CB96D1EC}.Release|iPhoneSimulator.Build.0 = Release|Any CPU
		{2313B988-4902-41B3-B1F4-34C6CB96D1EC}.Release|iPhoneSimulator.Deploy.0 = Release|Any CPU
		{2313B988-4902-41B3-B1F4-34C6CB96D1EC}.Release|x64.ActiveCfg = Release|Any CPU
		{2313B988-4902-41B3-B1F4-34C6CB96D1EC}.Release|x64.Build.0 = Release|Any CPU
		{2313B988-4902-41B3-B1F4-34C6CB96D1EC}.Release|x64.Deploy.0 = Release|Any CPU
		{2313B988-4902-41B3-B1F4-34C6CB96D1EC}.Release|x86.ActiveCfg = Release|Any CPU
		{2313B988-4902-41B3-B1F4-34C6CB96D1EC}.Release|x86.Build.0 = Release|Any CPU
		{2313B988-4902-41B3-B1F4-34C6CB96D1EC}.Release|x86.Deploy.0 = Release|Any CPU
		{FB41D289-8F5F-4074-A453-8FA9F0799CED}.Ad-Hoc|Any CPU.ActiveCfg = Ad-Hoc|iPhone
		{FB41D289-8F5F-4074-A453-8FA9F0799CED}.Ad-Hoc|ARM.ActiveCfg = Ad-Hoc|iPhone
		{FB41D289-8F5F-4074-A453-8FA9F0799CED}.Ad-Hoc|iPhone.ActiveCfg = Ad-Hoc|iPhone
		{FB41D289-8F5F-4074-A453-8FA9F0799CED}.Ad-Hoc|iPhone.Build.0 = Ad-Hoc|iPhone
		{FB41D289-8F5F-4074-A453-8FA9F0799CED}.Ad-Hoc|iPhoneSimulator.ActiveCfg = Ad-Hoc|iPhoneSimulator
		{FB41D289-8F5F-4074-A453-8FA9F0799CED}.Ad-Hoc|iPhoneSimulator.Build.0 = Ad-Hoc|iPhoneSimulator
		{FB41D289-8F5F-4074-A453-8FA9F0799CED}.Ad-Hoc|x64.ActiveCfg = Ad-Hoc|iPhone
		{FB41D289-8F5F-4074-A453-8FA9F0799CED}.Ad-Hoc|x86.ActiveCfg = Ad-Hoc|iPhone
		{FB41D289-8F5F-4074-A453-8FA9F0799CED}.AppStore|Any CPU.ActiveCfg = AppStore|iPhone
		{FB41D289-8F5F-4074-A453-8FA9F0799CED}.AppStore|ARM.ActiveCfg = AppStore|iPhone
		{FB41D289-8F5F-4074-A453-8FA9F0799CED}.AppStore|iPhone.ActiveCfg = AppStore|iPhone
		{FB41D289-8F5F-4074-A453-8FA9F0799CED}.AppStore|iPhone.Build.0 = AppStore|iPhone
		{FB41D289-8F5F-4074-A453-8FA9F0799CED}.AppStore|iPhoneSimulator.ActiveCfg = AppStore|iPhoneSimulator
		{FB41D289-8F5F-4074-A453-8FA9F0799CED}.AppStore|iPhoneSimulator.Build.0 = AppStore|iPhoneSimulator
		{FB41D289-8F5F-4074-A453-8FA9F0799CED}.AppStore|x64.ActiveCfg = AppStore|iPhone
		{FB41D289-8F5F-4074-A453-8FA9F0799CED}.AppStore|x86.ActiveCfg = AppStore|iPhone
		{FB41D289-8F5F-4074-A453-8FA9F0799CED}.Debug|Any CPU.ActiveCfg = Debug|iPhone
		{FB41D289-8F5F-4074-A453-8FA9F0799CED}.Debug|Any CPU.Build.0 = Debug|iPhone
		{FB41D289-8F5F-4074-A453-8FA9F0799CED}.Debug|ARM.ActiveCfg = Debug|iPhone
		{FB41D289-8F5F-4074-A453-8FA9F0799CED}.Debug|iPhone.ActiveCfg = Debug|iPhone
		{FB41D289-8F5F-4074-A453-8FA9F0799CED}.Debug|iPhone.Build.0 = Debug|iPhone
		{FB41D289-8F5F-4074-A453-8FA9F0799CED}.Debug|iPhoneSimulator.ActiveCfg = Debug|iPhoneSimulator
		{FB41D289-8F5F-4074-A453-8FA9F0799CED}.Debug|iPhoneSimulator.Build.0 = Debug|iPhoneSimulator
		{FB41D289-8F5F-4074-A453-8FA9F0799CED}.Debug|x64.ActiveCfg = Debug|iPhone
		{FB41D289-8F5F-4074-A453-8FA9F0799CED}.Debug|x86.ActiveCfg = Debug|iPhone
		{FB41D289-8F5F-4074-A453-8FA9F0799CED}.Publish|Any CPU.ActiveCfg = AppStore|iPhone
		{FB41D289-8F5F-4074-A453-8FA9F0799CED}.Publish|Any CPU.Build.0 = AppStore|iPhone
		{FB41D289-8F5F-4074-A453-8FA9F0799CED}.Publish|ARM.ActiveCfg = AppStore|iPhone
		{FB41D289-8F5F-4074-A453-8FA9F0799CED}.Publish|ARM.Build.0 = AppStore|iPhone
		{FB41D289-8F5F-4074-A453-8FA9F0799CED}.Publish|iPhone.ActiveCfg = AppStore|iPhone
		{FB41D289-8F5F-4074-A453-8FA9F0799CED}.Publish|iPhone.Build.0 = AppStore|iPhone
		{FB41D289-8F5F-4074-A453-8FA9F0799CED}.Publish|iPhoneSimulator.ActiveCfg = AppStore|iPhoneSimulator
		{FB41D289-8F5F-4074-A453-8FA9F0799CED}.Publish|iPhoneSimulator.Build.0 = AppStore|iPhoneSimulator
		{FB41D289-8F5F-4074-A453-8FA9F0799CED}.Publish|x64.ActiveCfg = AppStore|iPhone
		{FB41D289-8F5F-4074-A453-8FA9F0799CED}.Publish|x64.Build.0 = AppStore|iPhone
		{FB41D289-8F5F-4074-A453-8FA9F0799CED}.Publish|x86.ActiveCfg = AppStore|iPhone
		{FB41D289-8F5F-4074-A453-8FA9F0799CED}.Publish|x86.Build.0 = AppStore|iPhone
		{FB41D289-8F5F-4074-A453-8FA9F0799CED}.Release|Any CPU.ActiveCfg = Release|iPhone
		{FB41D289-8F5F-4074-A453-8FA9F0799CED}.Release|ARM.ActiveCfg = Release|iPhone
		{FB41D289-8F5F-4074-A453-8FA9F0799CED}.Release|iPhone.ActiveCfg = Release|iPhone
		{FB41D289-8F5F-4074-A453-8FA9F0799CED}.Release|iPhone.Build.0 = Release|iPhone
		{FB41D289-8F5F-4074-A453-8FA9F0799CED}.Release|iPhoneSimulator.ActiveCfg = Release|iPhoneSimulator
		{FB41D289-8F5F-4074-A453-8FA9F0799CED}.Release|iPhoneSimulator.Build.0 = Release|iPhoneSimulator
		{FB41D289-8F5F-4074-A453-8FA9F0799CED}.Release|x64.ActiveCfg = Release|iPhone
		{FB41D289-8F5F-4074-A453-8FA9F0799CED}.Release|x86.ActiveCfg = Release|iPhone
		{DA3BC66C-C465-4F58-A098-93EA16C86777}.Ad-Hoc|Any CPU.ActiveCfg = Release|x64
		{DA3BC66C-C465-4F58-A098-93EA16C86777}.Ad-Hoc|Any CPU.Build.0 = Release|x64
		{DA3BC66C-C465-4F58-A098-93EA16C86777}.Ad-Hoc|Any CPU.Deploy.0 = Release|x64
		{DA3BC66C-C465-4F58-A098-93EA16C86777}.Ad-Hoc|ARM.ActiveCfg = Release|ARM
		{DA3BC66C-C465-4F58-A098-93EA16C86777}.Ad-Hoc|ARM.Build.0 = Release|ARM
		{DA3BC66C-C465-4F58-A098-93EA16C86777}.Ad-Hoc|ARM.Deploy.0 = Release|ARM
		{DA3BC66C-C465-4F58-A098-93EA16C86777}.Ad-Hoc|iPhone.ActiveCfg = Release|x64
		{DA3BC66C-C465-4F58-A098-93EA16C86777}.Ad-Hoc|iPhone.Build.0 = Release|x64
		{DA3BC66C-C465-4F58-A098-93EA16C86777}.Ad-Hoc|iPhone.Deploy.0 = Release|x64
		{DA3BC66C-C465-4F58-A098-93EA16C86777}.Ad-Hoc|iPhoneSimulator.ActiveCfg = Release|x64
		{DA3BC66C-C465-4F58-A098-93EA16C86777}.Ad-Hoc|iPhoneSimulator.Build.0 = Release|x64
		{DA3BC66C-C465-4F58-A098-93EA16C86777}.Ad-Hoc|iPhoneSimulator.Deploy.0 = Release|x64
		{DA3BC66C-C465-4F58-A098-93EA16C86777}.Ad-Hoc|x64.ActiveCfg = Release|x64
		{DA3BC66C-C465-4F58-A098-93EA16C86777}.Ad-Hoc|x64.Build.0 = Release|x64
		{DA3BC66C-C465-4F58-A098-93EA16C86777}.Ad-Hoc|x64.Deploy.0 = Release|x64
		{DA3BC66C-C465-4F58-A098-93EA16C86777}.Ad-Hoc|x86.ActiveCfg = Release|x86
		{DA3BC66C-C465-4F58-A098-93EA16C86777}.Ad-Hoc|x86.Build.0 = Release|x86
		{DA3BC66C-C465-4F58-A098-93EA16C86777}.Ad-Hoc|x86.Deploy.0 = Release|x86
		{DA3BC66C-C465-4F58-A098-93EA16C86777}.AppStore|Any CPU.ActiveCfg = Release|x64
		{DA3BC66C-C465-4F58-A098-93EA16C86777}.AppStore|Any CPU.Build.0 = Release|x64
		{DA3BC66C-C465-4F58-A098-93EA16C86777}.AppStore|Any CPU.Deploy.0 = Release|x64
		{DA3BC66C-C465-4F58-A098-93EA16C86777}.AppStore|ARM.ActiveCfg = Release|ARM
		{DA3BC66C-C465-4F58-A098-93EA16C86777}.AppStore|ARM.Build.0 = Release|ARM
		{DA3BC66C-C465-4F58-A098-93EA16C86777}.AppStore|ARM.Deploy.0 = Release|ARM
		{DA3BC66C-C465-4F58-A098-93EA16C86777}.AppStore|iPhone.ActiveCfg = Release|x64
		{DA3BC66C-C465-4F58-A098-93EA16C86777}.AppStore|iPhone.Build.0 = Release|x64
		{DA3BC66C-C465-4F58-A098-93EA16C86777}.AppStore|iPhone.Deploy.0 = Release|x64
		{DA3BC66C-C465-4F58-A098-93EA16C86777}.AppStore|iPhoneSimulator.ActiveCfg = Release|x64
		{DA3BC66C-C465-4F58-A098-93EA16C86777}.AppStore|iPhoneSimulator.Build.0 = Release|x64
		{DA3BC66C-C465-4F58-A098-93EA16C86777}.AppStore|iPhoneSimulator.Deploy.0 = Release|x64
		{DA3BC66C-C465-4F58-A098-93EA16C86777}.AppStore|x64.ActiveCfg = Release|x64
		{DA3BC66C-C465-4F58-A098-93EA16C86777}.AppStore|x64.Build.0 = Release|x64
		{DA3BC66C-C465-4F58-A098-93EA16C86777}.AppStore|x64.Deploy.0 = Release|x64
		{DA3BC66C-C465-4F58-A098-93EA16C86777}.AppStore|x86.ActiveCfg = Release|x86
		{DA3BC66C-C465-4F58-A098-93EA16C86777}.AppStore|x86.Build.0 = Release|x86
		{DA3BC66C-C465-4F58-A098-93EA16C86777}.AppStore|x86.Deploy.0 = Release|x86
		{DA3BC66C-C465-4F58-A098-93EA16C86777}.Debug|Any CPU.ActiveCfg = Debug|x86
		{DA3BC66C-C465-4F58-A098-93EA16C86777}.Debug|Any CPU.Build.0 = Debug|x86
		{DA3BC66C-C465-4F58-A098-93EA16C86777}.Debug|Any CPU.Deploy.0 = Debug|x86
		{DA3BC66C-C465-4F58-A098-93EA16C86777}.Debug|ARM.ActiveCfg = Debug|ARM
		{DA3BC66C-C465-4F58-A098-93EA16C86777}.Debug|ARM.Build.0 = Debug|ARM
		{DA3BC66C-C465-4F58-A098-93EA16C86777}.Debug|ARM.Deploy.0 = Debug|ARM
		{DA3BC66C-C465-4F58-A098-93EA16C86777}.Debug|iPhone.ActiveCfg = Debug|x86
		{DA3BC66C-C465-4F58-A098-93EA16C86777}.Debug|iPhoneSimulator.ActiveCfg = Debug|x86
		{DA3BC66C-C465-4F58-A098-93EA16C86777}.Debug|x64.ActiveCfg = Debug|x64
		{DA3BC66C-C465-4F58-A098-93EA16C86777}.Debug|x64.Build.0 = Debug|x64
		{DA3BC66C-C465-4F58-A098-93EA16C86777}.Debug|x64.Deploy.0 = Debug|x64
		{DA3BC66C-C465-4F58-A098-93EA16C86777}.Debug|x86.ActiveCfg = Debug|x86
		{DA3BC66C-C465-4F58-A098-93EA16C86777}.Debug|x86.Build.0 = Debug|x86
		{DA3BC66C-C465-4F58-A098-93EA16C86777}.Debug|x86.Deploy.0 = Debug|x86
		{DA3BC66C-C465-4F58-A098-93EA16C86777}.Publish|Any CPU.ActiveCfg = Release|x64
		{DA3BC66C-C465-4F58-A098-93EA16C86777}.Publish|Any CPU.Build.0 = Release|x64
		{DA3BC66C-C465-4F58-A098-93EA16C86777}.Publish|Any CPU.Deploy.0 = Release|x64
		{DA3BC66C-C465-4F58-A098-93EA16C86777}.Publish|ARM.ActiveCfg = Release|ARM
		{DA3BC66C-C465-4F58-A098-93EA16C86777}.Publish|ARM.Build.0 = Release|ARM
		{DA3BC66C-C465-4F58-A098-93EA16C86777}.Publish|ARM.Deploy.0 = Release|ARM
		{DA3BC66C-C465-4F58-A098-93EA16C86777}.Publish|iPhone.ActiveCfg = Release|x64
		{DA3BC66C-C465-4F58-A098-93EA16C86777}.Publish|iPhone.Build.0 = Release|x64
		{DA3BC66C-C465-4F58-A098-93EA16C86777}.Publish|iPhone.Deploy.0 = Release|x64
		{DA3BC66C-C465-4F58-A098-93EA16C86777}.Publish|iPhoneSimulator.ActiveCfg = Release|x64
		{DA3BC66C-C465-4F58-A098-93EA16C86777}.Publish|iPhoneSimulator.Build.0 = Release|x64
		{DA3BC66C-C465-4F58-A098-93EA16C86777}.Publish|iPhoneSimulator.Deploy.0 = Release|x64
		{DA3BC66C-C465-4F58-A098-93EA16C86777}.Publish|x64.ActiveCfg = Release|x64
		{DA3BC66C-C465-4F58-A098-93EA16C86777}.Publish|x64.Build.0 = Release|x64
		{DA3BC66C-C465-4F58-A098-93EA16C86777}.Publish|x64.Deploy.0 = Release|x64
		{DA3BC66C-C465-4F58-A098-93EA16C86777}.Publish|x86.ActiveCfg = Release|x86
		{DA3BC66C-C465-4F58-A098-93EA16C86777}.Publish|x86.Build.0 = Release|x86
		{DA3BC66C-C465-4F58-A098-93EA16C86777}.Publish|x86.Deploy.0 = Release|x86
		{DA3BC66C-C465-4F58-A098-93EA16C86777}.Release|Any CPU.ActiveCfg = Release|x86
		{DA3BC66C-C465-4F58-A098-93EA16C86777}.Release|ARM.ActiveCfg = Release|ARM
		{DA3BC66C-C465-4F58-A098-93EA16C86777}.Release|ARM.Build.0 = Release|ARM
		{DA3BC66C-C465-4F58-A098-93EA16C86777}.Release|ARM.Deploy.0 = Release|ARM
		{DA3BC66C-C465-4F58-A098-93EA16C86777}.Release|iPhone.ActiveCfg = Release|x86
		{DA3BC66C-C465-4F58-A098-93EA16C86777}.Release|iPhoneSimulator.ActiveCfg = Release|x86
		{DA3BC66C-C465-4F58-A098-93EA16C86777}.Release|x64.ActiveCfg = Release|x64
		{DA3BC66C-C465-4F58-A098-93EA16C86777}.Release|x64.Build.0 = Release|x64
		{DA3BC66C-C465-4F58-A098-93EA16C86777}.Release|x64.Deploy.0 = Release|x64
		{DA3BC66C-C465-4F58-A098-93EA16C86777}.Release|x86.ActiveCfg = Release|x86
		{DA3BC66C-C465-4F58-A098-93EA16C86777}.Release|x86.Build.0 = Release|x86
		{DA3BC66C-C465-4F58-A098-93EA16C86777}.Release|x86.Deploy.0 = Release|x86
		{629564FB-8C63-40BD-BD06-FE2453BB461F}.Ad-Hoc|Any CPU.ActiveCfg = Debug|Any CPU
		{629564FB-8C63-40BD-BD06-FE2453BB461F}.Ad-Hoc|Any CPU.Build.0 = Debug|Any CPU
		{629564FB-8C63-40BD-BD06-FE2453BB461F}.Ad-Hoc|ARM.ActiveCfg = Debug|Any CPU
		{629564FB-8C63-40BD-BD06-FE2453BB461F}.Ad-Hoc|ARM.Build.0 = Debug|Any CPU
		{629564FB-8C63-40BD-BD06-FE2453BB461F}.Ad-Hoc|iPhone.ActiveCfg = Debug|Any CPU
		{629564FB-8C63-40BD-BD06-FE2453BB461F}.Ad-Hoc|iPhone.Build.0 = Debug|Any CPU
		{629564FB-8C63-40BD-BD06-FE2453BB461F}.Ad-Hoc|iPhoneSimulator.ActiveCfg = Debug|Any CPU
		{629564FB-8C63-40BD-BD06-FE2453BB461F}.Ad-Hoc|iPhoneSimulator.Build.0 = Debug|Any CPU
		{629564FB-8C63-40BD-BD06-FE2453BB461F}.Ad-Hoc|x64.ActiveCfg = Debug|Any CPU
		{629564FB-8C63-40BD-BD06-FE2453BB461F}.Ad-Hoc|x64.Build.0 = Debug|Any CPU
		{629564FB-8C63-40BD-BD06-FE2453BB461F}.Ad-Hoc|x86.ActiveCfg = Debug|Any CPU
		{629564FB-8C63-40BD-BD06-FE2453BB461F}.Ad-Hoc|x86.Build.0 = Debug|Any CPU
		{629564FB-8C63-40BD-BD06-FE2453BB461F}.AppStore|Any CPU.ActiveCfg = Debug|Any CPU
		{629564FB-8C63-40BD-BD06-FE2453BB461F}.AppStore|Any CPU.Build.0 = Debug|Any CPU
		{629564FB-8C63-40BD-BD06-FE2453BB461F}.AppStore|ARM.ActiveCfg = Debug|Any CPU
		{629564FB-8C63-40BD-BD06-FE2453BB461F}.AppStore|ARM.Build.0 = Debug|Any CPU
		{629564FB-8C63-40BD-BD06-FE2453BB461F}.AppStore|iPhone.ActiveCfg = Debug|Any CPU
		{629564FB-8C63-40BD-BD06-FE2453BB461F}.AppStore|iPhone.Build.0 = Debug|Any CPU
		{629564FB-8C63-40BD-BD06-FE2453BB461F}.AppStore|iPhoneSimulator.ActiveCfg = Debug|Any CPU
		{629564FB-8C63-40BD-BD06-FE2453BB461F}.AppStore|iPhoneSimulator.Build.0 = Debug|Any CPU
		{629564FB-8C63-40BD-BD06-FE2453BB461F}.AppStore|x64.ActiveCfg = Debug|Any CPU
		{629564FB-8C63-40BD-BD06-FE2453BB461F}.AppStore|x64.Build.0 = Debug|Any CPU
		{629564FB-8C63-40BD-BD06-FE2453BB461F}.AppStore|x86.ActiveCfg = Debug|Any CPU
		{629564FB-8C63-40BD-BD06-FE2453BB461F}.AppStore|x86.Build.0 = Debug|Any CPU
		{629564FB-8C63-40BD-BD06-FE2453BB461F}.Debug|Any CPU.ActiveCfg = Debug|Any CPU
		{629564FB-8C63-40BD-BD06-FE2453BB461F}.Debug|Any CPU.Build.0 = Debug|Any CPU
		{629564FB-8C63-40BD-BD06-FE2453BB461F}.Debug|ARM.ActiveCfg = Debug|Any CPU
		{629564FB-8C63-40BD-BD06-FE2453BB461F}.Debug|ARM.Build.0 = Debug|Any CPU
		{629564FB-8C63-40BD-BD06-FE2453BB461F}.Debug|iPhone.ActiveCfg = Debug|Any CPU
		{629564FB-8C63-40BD-BD06-FE2453BB461F}.Debug|iPhone.Build.0 = Debug|Any CPU
		{629564FB-8C63-40BD-BD06-FE2453BB461F}.Debug|iPhoneSimulator.ActiveCfg = Debug|Any CPU
		{629564FB-8C63-40BD-BD06-FE2453BB461F}.Debug|iPhoneSimulator.Build.0 = Debug|Any CPU
		{629564FB-8C63-40BD-BD06-FE2453BB461F}.Debug|x64.ActiveCfg = Debug|Any CPU
		{629564FB-8C63-40BD-BD06-FE2453BB461F}.Debug|x64.Build.0 = Debug|Any CPU
		{629564FB-8C63-40BD-BD06-FE2453BB461F}.Debug|x86.ActiveCfg = Debug|Any CPU
		{629564FB-8C63-40BD-BD06-FE2453BB461F}.Debug|x86.Build.0 = Debug|Any CPU
		{629564FB-8C63-40BD-BD06-FE2453BB461F}.Publish|Any CPU.ActiveCfg = Debug|Any CPU
		{629564FB-8C63-40BD-BD06-FE2453BB461F}.Publish|Any CPU.Build.0 = Debug|Any CPU
		{629564FB-8C63-40BD-BD06-FE2453BB461F}.Publish|ARM.ActiveCfg = Debug|Any CPU
		{629564FB-8C63-40BD-BD06-FE2453BB461F}.Publish|ARM.Build.0 = Debug|Any CPU
		{629564FB-8C63-40BD-BD06-FE2453BB461F}.Publish|iPhone.ActiveCfg = Debug|Any CPU
		{629564FB-8C63-40BD-BD06-FE2453BB461F}.Publish|iPhone.Build.0 = Debug|Any CPU
		{629564FB-8C63-40BD-BD06-FE2453BB461F}.Publish|iPhoneSimulator.ActiveCfg = Debug|Any CPU
		{629564FB-8C63-40BD-BD06-FE2453BB461F}.Publish|iPhoneSimulator.Build.0 = Debug|Any CPU
		{629564FB-8C63-40BD-BD06-FE2453BB461F}.Publish|x64.ActiveCfg = Debug|Any CPU
		{629564FB-8C63-40BD-BD06-FE2453BB461F}.Publish|x64.Build.0 = Debug|Any CPU
		{629564FB-8C63-40BD-BD06-FE2453BB461F}.Publish|x86.ActiveCfg = Debug|Any CPU
		{629564FB-8C63-40BD-BD06-FE2453BB461F}.Publish|x86.Build.0 = Debug|Any CPU
		{629564FB-8C63-40BD-BD06-FE2453BB461F}.Release|Any CPU.ActiveCfg = Release|Any CPU
		{629564FB-8C63-40BD-BD06-FE2453BB461F}.Release|Any CPU.Build.0 = Release|Any CPU
		{629564FB-8C63-40BD-BD06-FE2453BB461F}.Release|ARM.ActiveCfg = Release|Any CPU
		{629564FB-8C63-40BD-BD06-FE2453BB461F}.Release|ARM.Build.0 = Release|Any CPU
		{629564FB-8C63-40BD-BD06-FE2453BB461F}.Release|iPhone.ActiveCfg = Release|Any CPU
		{629564FB-8C63-40BD-BD06-FE2453BB461F}.Release|iPhone.Build.0 = Release|Any CPU
		{629564FB-8C63-40BD-BD06-FE2453BB461F}.Release|iPhoneSimulator.ActiveCfg = Release|Any CPU
		{629564FB-8C63-40BD-BD06-FE2453BB461F}.Release|iPhoneSimulator.Build.0 = Release|Any CPU
		{629564FB-8C63-40BD-BD06-FE2453BB461F}.Release|x64.ActiveCfg = Release|Any CPU
		{629564FB-8C63-40BD-BD06-FE2453BB461F}.Release|x64.Build.0 = Release|Any CPU
		{629564FB-8C63-40BD-BD06-FE2453BB461F}.Release|x86.ActiveCfg = Release|Any CPU
		{629564FB-8C63-40BD-BD06-FE2453BB461F}.Release|x86.Build.0 = Release|Any CPU
		{0C21CF96-BEE6-4683-B061-14E69A4D2AB9}.Ad-Hoc|Any CPU.ActiveCfg = Release|Any CPU
		{0C21CF96-BEE6-4683-B061-14E69A4D2AB9}.Ad-Hoc|Any CPU.Build.0 = Release|Any CPU
		{0C21CF96-BEE6-4683-B061-14E69A4D2AB9}.Ad-Hoc|ARM.ActiveCfg = Release|Any CPU
		{0C21CF96-BEE6-4683-B061-14E69A4D2AB9}.Ad-Hoc|ARM.Build.0 = Release|Any CPU
		{0C21CF96-BEE6-4683-B061-14E69A4D2AB9}.Ad-Hoc|iPhone.ActiveCfg = Release|Any CPU
		{0C21CF96-BEE6-4683-B061-14E69A4D2AB9}.Ad-Hoc|iPhone.Build.0 = Release|Any CPU
		{0C21CF96-BEE6-4683-B061-14E69A4D2AB9}.Ad-Hoc|iPhoneSimulator.ActiveCfg = Release|Any CPU
		{0C21CF96-BEE6-4683-B061-14E69A4D2AB9}.Ad-Hoc|iPhoneSimulator.Build.0 = Release|Any CPU
		{0C21CF96-BEE6-4683-B061-14E69A4D2AB9}.Ad-Hoc|x64.ActiveCfg = Release|Any CPU
		{0C21CF96-BEE6-4683-B061-14E69A4D2AB9}.Ad-Hoc|x64.Build.0 = Release|Any CPU
		{0C21CF96-BEE6-4683-B061-14E69A4D2AB9}.Ad-Hoc|x86.ActiveCfg = Release|Any CPU
		{0C21CF96-BEE6-4683-B061-14E69A4D2AB9}.Ad-Hoc|x86.Build.0 = Release|Any CPU
		{0C21CF96-BEE6-4683-B061-14E69A4D2AB9}.AppStore|Any CPU.ActiveCfg = Release|Any CPU
		{0C21CF96-BEE6-4683-B061-14E69A4D2AB9}.AppStore|Any CPU.Build.0 = Release|Any CPU
		{0C21CF96-BEE6-4683-B061-14E69A4D2AB9}.AppStore|ARM.ActiveCfg = Release|Any CPU
		{0C21CF96-BEE6-4683-B061-14E69A4D2AB9}.AppStore|ARM.Build.0 = Release|Any CPU
		{0C21CF96-BEE6-4683-B061-14E69A4D2AB9}.AppStore|iPhone.ActiveCfg = Release|Any CPU
		{0C21CF96-BEE6-4683-B061-14E69A4D2AB9}.AppStore|iPhone.Build.0 = Release|Any CPU
		{0C21CF96-BEE6-4683-B061-14E69A4D2AB9}.AppStore|iPhoneSimulator.ActiveCfg = Release|Any CPU
		{0C21CF96-BEE6-4683-B061-14E69A4D2AB9}.AppStore|iPhoneSimulator.Build.0 = Release|Any CPU
		{0C21CF96-BEE6-4683-B061-14E69A4D2AB9}.AppStore|x64.ActiveCfg = Release|Any CPU
		{0C21CF96-BEE6-4683-B061-14E69A4D2AB9}.AppStore|x64.Build.0 = Release|Any CPU
		{0C21CF96-BEE6-4683-B061-14E69A4D2AB9}.AppStore|x86.ActiveCfg = Release|Any CPU
		{0C21CF96-BEE6-4683-B061-14E69A4D2AB9}.AppStore|x86.Build.0 = Release|Any CPU
		{0C21CF96-BEE6-4683-B061-14E69A4D2AB9}.Debug|Any CPU.ActiveCfg = Debug|Any CPU
		{0C21CF96-BEE6-4683-B061-14E69A4D2AB9}.Debug|Any CPU.Build.0 = Debug|Any CPU
		{0C21CF96-BEE6-4683-B061-14E69A4D2AB9}.Debug|ARM.ActiveCfg = Debug|Any CPU
		{0C21CF96-BEE6-4683-B061-14E69A4D2AB9}.Debug|ARM.Build.0 = Debug|Any CPU
		{0C21CF96-BEE6-4683-B061-14E69A4D2AB9}.Debug|iPhone.ActiveCfg = Debug|Any CPU
		{0C21CF96-BEE6-4683-B061-14E69A4D2AB9}.Debug|iPhone.Build.0 = Debug|Any CPU
		{0C21CF96-BEE6-4683-B061-14E69A4D2AB9}.Debug|iPhoneSimulator.ActiveCfg = Debug|Any CPU
		{0C21CF96-BEE6-4683-B061-14E69A4D2AB9}.Debug|iPhoneSimulator.Build.0 = Debug|Any CPU
		{0C21CF96-BEE6-4683-B061-14E69A4D2AB9}.Debug|x64.ActiveCfg = Debug|Any CPU
		{0C21CF96-BEE6-4683-B061-14E69A4D2AB9}.Debug|x64.Build.0 = Debug|Any CPU
		{0C21CF96-BEE6-4683-B061-14E69A4D2AB9}.Debug|x86.ActiveCfg = Debug|Any CPU
		{0C21CF96-BEE6-4683-B061-14E69A4D2AB9}.Debug|x86.Build.0 = Debug|Any CPU
		{0C21CF96-BEE6-4683-B061-14E69A4D2AB9}.Publish|Any CPU.ActiveCfg = Release|Any CPU
		{0C21CF96-BEE6-4683-B061-14E69A4D2AB9}.Publish|Any CPU.Build.0 = Release|Any CPU
		{0C21CF96-BEE6-4683-B061-14E69A4D2AB9}.Publish|ARM.ActiveCfg = Release|Any CPU
		{0C21CF96-BEE6-4683-B061-14E69A4D2AB9}.Publish|ARM.Build.0 = Release|Any CPU
		{0C21CF96-BEE6-4683-B061-14E69A4D2AB9}.Publish|iPhone.ActiveCfg = Release|Any CPU
		{0C21CF96-BEE6-4683-B061-14E69A4D2AB9}.Publish|iPhone.Build.0 = Release|Any CPU
		{0C21CF96-BEE6-4683-B061-14E69A4D2AB9}.Publish|iPhoneSimulator.ActiveCfg = Release|Any CPU
		{0C21CF96-BEE6-4683-B061-14E69A4D2AB9}.Publish|iPhoneSimulator.Build.0 = Release|Any CPU
		{0C21CF96-BEE6-4683-B061-14E69A4D2AB9}.Publish|x64.ActiveCfg = Release|Any CPU
		{0C21CF96-BEE6-4683-B061-14E69A4D2AB9}.Publish|x64.Build.0 = Release|Any CPU
		{0C21CF96-BEE6-4683-B061-14E69A4D2AB9}.Publish|x86.ActiveCfg = Release|Any CPU
		{0C21CF96-BEE6-4683-B061-14E69A4D2AB9}.Publish|x86.Build.0 = Release|Any CPU
		{0C21CF96-BEE6-4683-B061-14E69A4D2AB9}.Release|Any CPU.ActiveCfg = Release|Any CPU
		{0C21CF96-BEE6-4683-B061-14E69A4D2AB9}.Release|Any CPU.Build.0 = Release|Any CPU
		{0C21CF96-BEE6-4683-B061-14E69A4D2AB9}.Release|ARM.ActiveCfg = Release|Any CPU
		{0C21CF96-BEE6-4683-B061-14E69A4D2AB9}.Release|ARM.Build.0 = Release|Any CPU
		{0C21CF96-BEE6-4683-B061-14E69A4D2AB9}.Release|iPhone.ActiveCfg = Release|Any CPU
		{0C21CF96-BEE6-4683-B061-14E69A4D2AB9}.Release|iPhone.Build.0 = Release|Any CPU
		{0C21CF96-BEE6-4683-B061-14E69A4D2AB9}.Release|iPhoneSimulator.ActiveCfg = Release|Any CPU
		{0C21CF96-BEE6-4683-B061-14E69A4D2AB9}.Release|iPhoneSimulator.Build.0 = Release|Any CPU
		{0C21CF96-BEE6-4683-B061-14E69A4D2AB9}.Release|x64.ActiveCfg = Release|Any CPU
		{0C21CF96-BEE6-4683-B061-14E69A4D2AB9}.Release|x64.Build.0 = Release|Any CPU
		{0C21CF96-BEE6-4683-B061-14E69A4D2AB9}.Release|x86.ActiveCfg = Release|Any CPU
		{0C21CF96-BEE6-4683-B061-14E69A4D2AB9}.Release|x86.Build.0 = Release|Any CPU
		{AE8BE751-A884-410B-957C-7F5B643BDEF7}.Ad-Hoc|Any CPU.ActiveCfg = Release|Any CPU
		{AE8BE751-A884-410B-957C-7F5B643BDEF7}.Ad-Hoc|Any CPU.Build.0 = Release|Any CPU
		{AE8BE751-A884-410B-957C-7F5B643BDEF7}.Ad-Hoc|ARM.ActiveCfg = Release|Any CPU
		{AE8BE751-A884-410B-957C-7F5B643BDEF7}.Ad-Hoc|ARM.Build.0 = Release|Any CPU
		{AE8BE751-A884-410B-957C-7F5B643BDEF7}.Ad-Hoc|iPhone.ActiveCfg = Release|Any CPU
		{AE8BE751-A884-410B-957C-7F5B643BDEF7}.Ad-Hoc|iPhone.Build.0 = Release|Any CPU
		{AE8BE751-A884-410B-957C-7F5B643BDEF7}.Ad-Hoc|iPhoneSimulator.ActiveCfg = Release|Any CPU
		{AE8BE751-A884-410B-957C-7F5B643BDEF7}.Ad-Hoc|iPhoneSimulator.Build.0 = Release|Any CPU
		{AE8BE751-A884-410B-957C-7F5B643BDEF7}.Ad-Hoc|x64.ActiveCfg = Release|Any CPU
		{AE8BE751-A884-410B-957C-7F5B643BDEF7}.Ad-Hoc|x64.Build.0 = Release|Any CPU
		{AE8BE751-A884-410B-957C-7F5B643BDEF7}.Ad-Hoc|x86.ActiveCfg = Release|Any CPU
		{AE8BE751-A884-410B-957C-7F5B643BDEF7}.Ad-Hoc|x86.Build.0 = Release|Any CPU
		{AE8BE751-A884-410B-957C-7F5B643BDEF7}.AppStore|Any CPU.ActiveCfg = Release|Any CPU
		{AE8BE751-A884-410B-957C-7F5B643BDEF7}.AppStore|Any CPU.Build.0 = Release|Any CPU
		{AE8BE751-A884-410B-957C-7F5B643BDEF7}.AppStore|ARM.ActiveCfg = Release|Any CPU
		{AE8BE751-A884-410B-957C-7F5B643BDEF7}.AppStore|ARM.Build.0 = Release|Any CPU
		{AE8BE751-A884-410B-957C-7F5B643BDEF7}.AppStore|iPhone.ActiveCfg = Release|Any CPU
		{AE8BE751-A884-410B-957C-7F5B643BDEF7}.AppStore|iPhone.Build.0 = Release|Any CPU
		{AE8BE751-A884-410B-957C-7F5B643BDEF7}.AppStore|iPhoneSimulator.ActiveCfg = Release|Any CPU
		{AE8BE751-A884-410B-957C-7F5B643BDEF7}.AppStore|iPhoneSimulator.Build.0 = Release|Any CPU
		{AE8BE751-A884-410B-957C-7F5B643BDEF7}.AppStore|x64.ActiveCfg = Release|Any CPU
		{AE8BE751-A884-410B-957C-7F5B643BDEF7}.AppStore|x64.Build.0 = Release|Any CPU
		{AE8BE751-A884-410B-957C-7F5B643BDEF7}.AppStore|x86.ActiveCfg = Release|Any CPU
		{AE8BE751-A884-410B-957C-7F5B643BDEF7}.AppStore|x86.Build.0 = Release|Any CPU
		{AE8BE751-A884-410B-957C-7F5B643BDEF7}.Debug|Any CPU.ActiveCfg = Debug|Any CPU
		{AE8BE751-A884-410B-957C-7F5B643BDEF7}.Debug|Any CPU.Build.0 = Debug|Any CPU
		{AE8BE751-A884-410B-957C-7F5B643BDEF7}.Debug|ARM.ActiveCfg = Debug|Any CPU
		{AE8BE751-A884-410B-957C-7F5B643BDEF7}.Debug|ARM.Build.0 = Debug|Any CPU
		{AE8BE751-A884-410B-957C-7F5B643BDEF7}.Debug|iPhone.ActiveCfg = Debug|Any CPU
		{AE8BE751-A884-410B-957C-7F5B643BDEF7}.Debug|iPhone.Build.0 = Debug|Any CPU
		{AE8BE751-A884-410B-957C-7F5B643BDEF7}.Debug|iPhoneSimulator.ActiveCfg = Debug|Any CPU
		{AE8BE751-A884-410B-957C-7F5B643BDEF7}.Debug|iPhoneSimulator.Build.0 = Debug|Any CPU
		{AE8BE751-A884-410B-957C-7F5B643BDEF7}.Debug|x64.ActiveCfg = Debug|Any CPU
		{AE8BE751-A884-410B-957C-7F5B643BDEF7}.Debug|x64.Build.0 = Debug|Any CPU
		{AE8BE751-A884-410B-957C-7F5B643BDEF7}.Debug|x86.ActiveCfg = Debug|Any CPU
		{AE8BE751-A884-410B-957C-7F5B643BDEF7}.Debug|x86.Build.0 = Debug|Any CPU
		{AE8BE751-A884-410B-957C-7F5B643BDEF7}.Publish|Any CPU.ActiveCfg = Release|Any CPU
		{AE8BE751-A884-410B-957C-7F5B643BDEF7}.Publish|Any CPU.Build.0 = Release|Any CPU
		{AE8BE751-A884-410B-957C-7F5B643BDEF7}.Publish|ARM.ActiveCfg = Release|Any CPU
		{AE8BE751-A884-410B-957C-7F5B643BDEF7}.Publish|ARM.Build.0 = Release|Any CPU
		{AE8BE751-A884-410B-957C-7F5B643BDEF7}.Publish|iPhone.ActiveCfg = Release|Any CPU
		{AE8BE751-A884-410B-957C-7F5B643BDEF7}.Publish|iPhone.Build.0 = Release|Any CPU
		{AE8BE751-A884-410B-957C-7F5B643BDEF7}.Publish|iPhoneSimulator.ActiveCfg = Release|Any CPU
		{AE8BE751-A884-410B-957C-7F5B643BDEF7}.Publish|iPhoneSimulator.Build.0 = Release|Any CPU
		{AE8BE751-A884-410B-957C-7F5B643BDEF7}.Publish|x64.ActiveCfg = Release|Any CPU
		{AE8BE751-A884-410B-957C-7F5B643BDEF7}.Publish|x64.Build.0 = Release|Any CPU
		{AE8BE751-A884-410B-957C-7F5B643BDEF7}.Publish|x86.ActiveCfg = Release|Any CPU
		{AE8BE751-A884-410B-957C-7F5B643BDEF7}.Publish|x86.Build.0 = Release|Any CPU
		{AE8BE751-A884-410B-957C-7F5B643BDEF7}.Release|Any CPU.ActiveCfg = Release|Any CPU
		{AE8BE751-A884-410B-957C-7F5B643BDEF7}.Release|Any CPU.Build.0 = Release|Any CPU
		{AE8BE751-A884-410B-957C-7F5B643BDEF7}.Release|ARM.ActiveCfg = Release|Any CPU
		{AE8BE751-A884-410B-957C-7F5B643BDEF7}.Release|ARM.Build.0 = Release|Any CPU
		{AE8BE751-A884-410B-957C-7F5B643BDEF7}.Release|iPhone.ActiveCfg = Release|Any CPU
		{AE8BE751-A884-410B-957C-7F5B643BDEF7}.Release|iPhone.Build.0 = Release|Any CPU
		{AE8BE751-A884-410B-957C-7F5B643BDEF7}.Release|iPhoneSimulator.ActiveCfg = Release|Any CPU
		{AE8BE751-A884-410B-957C-7F5B643BDEF7}.Release|iPhoneSimulator.Build.0 = Release|Any CPU
		{AE8BE751-A884-410B-957C-7F5B643BDEF7}.Release|x64.ActiveCfg = Release|Any CPU
		{AE8BE751-A884-410B-957C-7F5B643BDEF7}.Release|x64.Build.0 = Release|Any CPU
		{AE8BE751-A884-410B-957C-7F5B643BDEF7}.Release|x86.ActiveCfg = Release|Any CPU
		{AE8BE751-A884-410B-957C-7F5B643BDEF7}.Release|x86.Build.0 = Release|Any CPU
	EndGlobalSection
	GlobalSection(SolutionProperties) = preSolution
		HideSolutionNode = FALSE
	EndGlobalSection
	GlobalSection(NestedProjects) = preSolution
		{9C32B21E-00A0-4539-A691-A8317F55B532} = {04D48DA4-E0DD-4E8A-A124-B656FE163F41}
		{2313B988-4902-41B3-B1F4-34C6CB96D1EC} = {04D48DA4-E0DD-4E8A-A124-B656FE163F41}
		{FB41D289-8F5F-4074-A453-8FA9F0799CED} = {04D48DA4-E0DD-4E8A-A124-B656FE163F41}
		{DA3BC66C-C465-4F58-A098-93EA16C86777} = {04D48DA4-E0DD-4E8A-A124-B656FE163F41}
		{629564FB-8C63-40BD-BD06-FE2453BB461F} = {04D48DA4-E0DD-4E8A-A124-B656FE163F41}
		{0C21CF96-BEE6-4683-B061-14E69A4D2AB9} = {04D48DA4-E0DD-4E8A-A124-B656FE163F41}
		{AE8BE751-A884-410B-957C-7F5B643BDEF7} = {04D48DA4-E0DD-4E8A-A124-B656FE163F41}
	EndGlobalSection
	GlobalSection(ExtensibilityGlobals) = postSolution
		SolutionGuid = {D8C190DB-BF68-4BD7-9DB8-DE92D9DC0AAB}
	EndGlobalSection
EndGlobal
