
Microsoft Visual Studio Solution File, Format Version 12.00
# Visual Studio 15
VisualStudioVersion = 15.0.27130.2010
MinimumVisualStudioVersion = 10.0.40219.1
Project("{FAE04EC0-301F-11D3-BF4B-00C04F79EFBC}") = "Rg.Plugins.Popup", "Rg.Plugins.Popup\Rg.Plugins.Popup.csproj", "{67F9D3A8-F71E-4428-913F-C37AE82CDB24}"
EndProject
Project("{FAE04EC0-301F-11D3-BF4B-00C04F79EFBC}") = "Rg.Plugins.Popup.Droid", "Rg.Plugins.Popup.Droid\Rg.Plugins.Popup.Droid.csproj", "{23BBE23F-5599-41E7-AABB-AE419EE74813}"
EndProject
Project("{FAE04EC0-301F-11D3-BF4B-00C04F79EFBC}") = "Rg.Plugins.Popup.IOS", "Rg.Plugins.Popup.IOS\Rg.Plugins.Popup.IOS.csproj", "{3C910809-7EAC-42FE-9421-C010879F9921}"
EndProject
Project("{2150E333-8FDC-42A3-9474-1A3956D46DE8}") = "Demo", "Demo", "{C3E9E54F-3BCC-491D-9B3F-753B3A2D7C0B}"
EndProject
Project("{FAE04EC0-301F-11D3-BF4B-00C04F79EFBC}") = "Demo", "Demo\Demo\Demo.csproj", "{E7C8D327-B800-4F8F-9CAD-6B90FB220D7C}"
EndProject
Project("{FAE04EC0-301F-11D3-BF4B-00C04F79EFBC}") = "Demo.Droid", "Demo\Demo.Droid\Demo.Droid.csproj", "{2313B988-4902-41B3-B1F4-34C6CB96D1EC}"
EndProject
Project("{FAE04EC0-301F-11D3-BF4B-00C04F79EFBC}") = "Demo.iOS", "Demo\Demo.iOS\Demo.iOS.csproj", "{FB41D289-8F5F-4074-A453-8FA9F0799CED}"
EndProject
Project("{FAE04EC0-301F-11D3-BF4B-00C04F79EFBC}") = "Demo.UWP", "Demo\Demo.UWP\Demo.UWP.csproj", "{DA3BC66C-C465-4F58-A098-93EA16C86777}"
EndProject
Project("{FAE04EC0-301F-11D3-BF4B-00C04F79EFBC}") = "Rg.Plugins.Popup.UWP", "Rg.Plugins.Popup.UWP\Rg.Plugins.Popup.UWP.csproj", "{2B1508FE-0298-4740-B5D3-6B2BC0F0E08D}"
EndProject
Project("{D954291E-2A0B-460D-934E-DC6B0785DB48}") = "Rg.Plugins.Popup.WinShared", "Rg.Plugins.Popup.WinShared\Rg.Plugins.Popup.WinShared.shproj", "{32FF6384-D2DC-4033-B52D-0833A1E69D04}"
EndProject
Project("{2150E333-8FDC-42A3-9474-1A3956D46DE8}") = "nuspec", "nuspec", "{513DF223-8613-44A0-A67E-2C05601D5A62}"
	ProjectSection(SolutionItems) = preProject
		..\nuspec\Rg.Plugins.Popup.nuspec = ..\nuspec\Rg.Plugins.Popup.nuspec
		..\nuspec\readme.txt = ..\nuspec\readme.txt
	EndProjectSection
EndProject
Project("{2150E333-8FDC-42A3-9474-1A3956D46DE8}") = "github", "github", "{DDABBA8A-C29B-4ABD-BFCC-DC3D7A3ADE7B}"
	ProjectSection(SolutionItems) = preProject
		..\README.md = ..\README.md
	EndProjectSection
EndProject
Project("{2150E333-8FDC-42A3-9474-1A3956D46DE8}") = "Build", "Build", "{C18A37DD-B8F1-4C8F-AC24-EC18BBC80F07}"
	ProjectSection(SolutionItems) = preProject
		..\appveyor.yml = ..\appveyor.yml
	EndProjectSection
EndProject
Global
	GlobalSection(SharedMSBuildProjectFiles) = preSolution
		Rg.Plugins.Popup.WinShared\Rg.Plugins.Popup.WinShared.projitems*{2b1508fe-0298-4740-b5d3-6b2bc0f0e08d}*SharedItemsImports = 4
		Rg.Plugins.Popup.WinShared\Rg.Plugins.Popup.WinShared.projitems*{32ff6384-d2dc-4033-b52d-0833a1e69d04}*SharedItemsImports = 13
	EndGlobalSection
	GlobalSection(SolutionConfigurationPlatforms) = preSolution
		Ad-Hoc|Any CPU = Ad-Hoc|Any CPU
		Ad-Hoc|ARM = Ad-Hoc|ARM
		Ad-Hoc|iPhone = Ad-Hoc|iPhone
		Ad-Hoc|iPhoneSimulator = Ad-Hoc|iPhoneSimulator
		Ad-Hoc|x64 = Ad-Hoc|x64
		Ad-Hoc|x86 = Ad-Hoc|x86
		AppStore|Any CPU = AppStore|Any CPU
		AppStore|ARM = AppStore|ARM
		AppStore|iPhone = AppStore|iPhone
		AppStore|iPhoneSimulator = AppStore|iPhoneSimulator
		AppStore|x64 = AppStore|x64
		AppStore|x86 = AppStore|x86
		Debug|Any CPU = Debug|Any CPU
		Debug|ARM = Debug|ARM
		Debug|iPhone = Debug|iPhone
		Debug|iPhoneSimulator = Debug|iPhoneSimulator
		Debug|x64 = Debug|x64
		Debug|x86 = Debug|x86
		Publish|Any CPU = Publish|Any CPU
		Publish|ARM = Publish|ARM
		Publish|iPhone = Publish|iPhone
		Publish|iPhoneSimulator = Publish|iPhoneSimulator
		Publish|x64 = Publish|x64
		Publish|x86 = Publish|x86
		Release|Any CPU = Release|Any CPU
		Release|ARM = Release|ARM
		Release|iPhone = Release|iPhone
		Release|iPhoneSimulator = Release|iPhoneSimulator
		Release|x64 = Release|x64
		Release|x86 = Release|x86
	EndGlobalSection
	GlobalSection(ProjectConfigurationPlatforms) = postSolution
		{67F9D3A8-F71E-4428-913F-C37AE82CDB24}.Ad-Hoc|Any CPU.ActiveCfg = Debug|Any CPU
		{67F9D3A8-F71E-4428-913F-C37AE82CDB24}.Ad-Hoc|Any CPU.Build.0 = Debug|Any CPU
		{67F9D3A8-F71E-4428-913F-C37AE82CDB24}.Ad-Hoc|ARM.ActiveCfg = Debug|Any CPU
		{67F9D3A8-F71E-4428-913F-C37AE82CDB24}.Ad-Hoc|ARM.Build.0 = Debug|Any CPU
		{67F9D3A8-F71E-4428-913F-C37AE82CDB24}.Ad-Hoc|iPhone.ActiveCfg = Debug|Any CPU
		{67F9D3A8-F71E-4428-913F-C37AE82CDB24}.Ad-Hoc|iPhone.Build.0 = Debug|Any CPU
		{67F9D3A8-F71E-4428-913F-C37AE82CDB24}.Ad-Hoc|iPhoneSimulator.ActiveCfg = Debug|Any CPU
		{67F9D3A8-F71E-4428-913F-C37AE82CDB24}.Ad-Hoc|iPhoneSimulator.Build.0 = Debug|Any CPU
		{67F9D3A8-F71E-4428-913F-C37AE82CDB24}.Ad-Hoc|x64.ActiveCfg = Debug|Any CPU
		{67F9D3A8-F71E-4428-913F-C37AE82CDB24}.Ad-Hoc|x64.Build.0 = Debug|Any CPU
		{67F9D3A8-F71E-4428-913F-C37AE82CDB24}.Ad-Hoc|x86.ActiveCfg = Debug|Any CPU
		{67F9D3A8-F71E-4428-913F-C37AE82CDB24}.Ad-Hoc|x86.Build.0 = Debug|Any CPU
		{67F9D3A8-F71E-4428-913F-C37AE82CDB24}.AppStore|Any CPU.ActiveCfg = Release|Any CPU
		{67F9D3A8-F71E-4428-913F-C37AE82CDB24}.AppStore|Any CPU.Build.0 = Release|Any CPU
		{67F9D3A8-F71E-4428-913F-C37AE82CDB24}.AppStore|ARM.ActiveCfg = Debug|Any CPU
		{67F9D3A8-F71E-4428-913F-C37AE82CDB24}.AppStore|ARM.Build.0 = Debug|Any CPU
		{67F9D3A8-F71E-4428-913F-C37AE82CDB24}.AppStore|iPhone.ActiveCfg = Debug|Any CPU
		{67F9D3A8-F71E-4428-913F-C37AE82CDB24}.AppStore|iPhone.Build.0 = Debug|Any CPU
		{67F9D3A8-F71E-4428-913F-C37AE82CDB24}.AppStore|iPhoneSimulator.ActiveCfg = Debug|Any CPU
		{67F9D3A8-F71E-4428-913F-C37AE82CDB24}.AppStore|iPhoneSimulator.Build.0 = Debug|Any CPU
		{67F9D3A8-F71E-4428-913F-C37AE82CDB24}.AppStore|x64.ActiveCfg = Debug|Any CPU
		{67F9D3A8-F71E-4428-913F-C37AE82CDB24}.AppStore|x64.Build.0 = Debug|Any CPU
		{67F9D3A8-F71E-4428-913F-C37AE82CDB24}.AppStore|x86.ActiveCfg = Debug|Any CPU
		{67F9D3A8-F71E-4428-913F-C37AE82CDB24}.AppStore|x86.Build.0 = Debug|Any CPU
		{67F9D3A8-F71E-4428-913F-C37AE82CDB24}.Debug|Any CPU.ActiveCfg = Debug|Any CPU
		{67F9D3A8-F71E-4428-913F-C37AE82CDB24}.Debug|Any CPU.Build.0 = Debug|Any CPU
		{67F9D3A8-F71E-4428-913F-C37AE82CDB24}.Debug|ARM.ActiveCfg = Debug|Any CPU
		{67F9D3A8-F71E-4428-913F-C37AE82CDB24}.Debug|ARM.Build.0 = Debug|Any CPU
		{67F9D3A8-F71E-4428-913F-C37AE82CDB24}.Debug|iPhone.ActiveCfg = Debug|Any CPU
		{67F9D3A8-F71E-4428-913F-C37AE82CDB24}.Debug|iPhone.Build.0 = Debug|Any CPU
		{67F9D3A8-F71E-4428-913F-C37AE82CDB24}.Debug|iPhoneSimulator.ActiveCfg = Debug|Any CPU
		{67F9D3A8-F71E-4428-913F-C37AE82CDB24}.Debug|iPhoneSimulator.Build.0 = Debug|Any CPU
		{67F9D3A8-F71E-4428-913F-C37AE82CDB24}.Debug|x64.ActiveCfg = Debug|Any CPU
		{67F9D3A8-F71E-4428-913F-C37AE82CDB24}.Debug|x64.Build.0 = Debug|Any CPU
		{67F9D3A8-F71E-4428-913F-C37AE82CDB24}.Debug|x86.ActiveCfg = Debug|Any CPU
		{67F9D3A8-F71E-4428-913F-C37AE82CDB24}.Debug|x86.Build.0 = Debug|Any CPU
		{67F9D3A8-F71E-4428-913F-C37AE82CDB24}.Publish|Any CPU.ActiveCfg = Release|Any CPU
		{67F9D3A8-F71E-4428-913F-C37AE82CDB24}.Publish|Any CPU.Build.0 = Release|Any CPU
		{67F9D3A8-F71E-4428-913F-C37AE82CDB24}.Publish|ARM.ActiveCfg = Release|Any CPU
		{67F9D3A8-F71E-4428-913F-C37AE82CDB24}.Publish|ARM.Build.0 = Release|Any CPU
		{67F9D3A8-F71E-4428-913F-C37AE82CDB24}.Publish|iPhone.ActiveCfg = Release|Any CPU
		{67F9D3A8-F71E-4428-913F-C37AE82CDB24}.Publish|iPhone.Build.0 = Release|Any CPU
		{67F9D3A8-F71E-4428-913F-C37AE82CDB24}.Publish|iPhoneSimulator.ActiveCfg = Release|Any CPU
		{67F9D3A8-F71E-4428-913F-C37AE82CDB24}.Publish|iPhoneSimulator.Build.0 = Release|Any CPU
		{67F9D3A8-F71E-4428-913F-C37AE82CDB24}.Publish|x64.ActiveCfg = Release|Any CPU
		{67F9D3A8-F71E-4428-913F-C37AE82CDB24}.Publish|x64.Build.0 = Release|Any CPU
		{67F9D3A8-F71E-4428-913F-C37AE82CDB24}.Publish|x86.ActiveCfg = Release|Any CPU
		{67F9D3A8-F71E-4428-913F-C37AE82CDB24}.Publish|x86.Build.0 = Release|Any CPU
		{67F9D3A8-F71E-4428-913F-C37AE82CDB24}.Release|Any CPU.ActiveCfg = Release|Any CPU
		{67F9D3A8-F71E-4428-913F-C37AE82CDB24}.Release|Any CPU.Build.0 = Release|Any CPU
		{67F9D3A8-F71E-4428-913F-C37AE82CDB24}.Release|ARM.ActiveCfg = Release|Any CPU
		{67F9D3A8-F71E-4428-913F-C37AE82CDB24}.Release|ARM.Build.0 = Release|Any CPU
		{67F9D3A8-F71E-4428-913F-C37AE82CDB24}.Release|iPhone.ActiveCfg = Release|Any CPU
		{67F9D3A8-F71E-4428-913F-C37AE82CDB24}.Release|iPhone.Build.0 = Release|Any CPU
		{67F9D3A8-F71E-4428-913F-C37AE82CDB24}.Release|iPhoneSimulator.ActiveCfg = Release|Any CPU
		{67F9D3A8-F71E-4428-913F-C37AE82CDB24}.Release|iPhoneSimulator.Build.0 = Release|Any CPU
		{67F9D3A8-F71E-4428-913F-C37AE82CDB24}.Release|x64.ActiveCfg = Release|Any CPU
		{67F9D3A8-F71E-4428-913F-C37AE82CDB24}.Release|x64.Build.0 = Release|Any CPU
		{67F9D3A8-F71E-4428-913F-C37AE82CDB24}.Release|x86.ActiveCfg = Release|Any CPU
		{67F9D3A8-F71E-4428-913F-C37AE82CDB24}.Release|x86.Build.0 = Release|Any CPU
		{23BBE23F-5599-41E7-AABB-AE419EE74813}.Ad-Hoc|Any CPU.ActiveCfg = Debug|Any CPU
		{23BBE23F-5599-41E7-AABB-AE419EE74813}.Ad-Hoc|Any CPU.Build.0 = Debug|Any CPU
		{23BBE23F-5599-41E7-AABB-AE419EE74813}.Ad-Hoc|ARM.ActiveCfg = Debug|Any CPU
		{23BBE23F-5599-41E7-AABB-AE419EE74813}.Ad-Hoc|ARM.Build.0 = Debug|Any CPU
		{23BBE23F-5599-41E7-AABB-AE419EE74813}.Ad-Hoc|iPhone.ActiveCfg = Debug|Any CPU
		{23BBE23F-5599-41E7-AABB-AE419EE74813}.Ad-Hoc|iPhone.Build.0 = Debug|Any CPU
		{23BBE23F-5599-41E7-AABB-AE419EE74813}.Ad-Hoc|iPhoneSimulator.ActiveCfg = Debug|Any CPU
		{23BBE23F-5599-41E7-AABB-AE419EE74813}.Ad-Hoc|iPhoneSimulator.Build.0 = Debug|Any CPU
		{23BBE23F-5599-41E7-AABB-AE419EE74813}.Ad-Hoc|x64.ActiveCfg = Debug|Any CPU
		{23BBE23F-5599-41E7-AABB-AE419EE74813}.Ad-Hoc|x64.Build.0 = Debug|Any CPU
		{23BBE23F-5599-41E7-AABB-AE419EE74813}.Ad-Hoc|x86.ActiveCfg = Debug|Any CPU
		{23BBE23F-5599-41E7-AABB-AE419EE74813}.Ad-Hoc|x86.Build.0 = Debug|Any CPU
		{23BBE23F-5599-41E7-AABB-AE419EE74813}.AppStore|Any CPU.ActiveCfg = Release|Any CPU
		{23BBE23F-5599-41E7-AABB-AE419EE74813}.AppStore|Any CPU.Build.0 = Release|Any CPU
		{23BBE23F-5599-41E7-AABB-AE419EE74813}.AppStore|ARM.ActiveCfg = Debug|Any CPU
		{23BBE23F-5599-41E7-AABB-AE419EE74813}.AppStore|ARM.Build.0 = Debug|Any CPU
		{23BBE23F-5599-41E7-AABB-AE419EE74813}.AppStore|iPhone.ActiveCfg = Debug|Any CPU
		{23BBE23F-5599-41E7-AABB-AE419EE74813}.AppStore|iPhone.Build.0 = Debug|Any CPU
		{23BBE23F-5599-41E7-AABB-AE419EE74813}.AppStore|iPhoneSimulator.ActiveCfg = Debug|Any CPU
		{23BBE23F-5599-41E7-AABB-AE419EE74813}.AppStore|iPhoneSimulator.Build.0 = Debug|Any CPU
		{23BBE23F-5599-41E7-AABB-AE419EE74813}.AppStore|x64.ActiveCfg = Debug|Any CPU
		{23BBE23F-5599-41E7-AABB-AE419EE74813}.AppStore|x64.Build.0 = Debug|Any CPU
		{23BBE23F-5599-41E7-AABB-AE419EE74813}.AppStore|x86.ActiveCfg = Debug|Any CPU
		{23BBE23F-5599-41E7-AABB-AE419EE74813}.AppStore|x86.Build.0 = Debug|Any CPU
		{23BBE23F-5599-41E7-AABB-AE419EE74813}.Debug|Any CPU.ActiveCfg = Debug|Any CPU
		{23BBE23F-5599-41E7-AABB-AE419EE74813}.Debug|Any CPU.Build.0 = Debug|Any CPU
		{23BBE23F-5599-41E7-AABB-AE419EE74813}.Debug|ARM.ActiveCfg = Debug|Any CPU
		{23BBE23F-5599-41E7-AABB-AE419EE74813}.Debug|ARM.Build.0 = Debug|Any CPU
		{23BBE23F-5599-41E7-AABB-AE419EE74813}.Debug|iPhone.ActiveCfg = Debug|Any CPU
		{23BBE23F-5599-41E7-AABB-AE419EE74813}.Debug|iPhone.Build.0 = Debug|Any CPU
		{23BBE23F-5599-41E7-AABB-AE419EE74813}.Debug|iPhoneSimulator.ActiveCfg = Debug|Any CPU
		{23BBE23F-5599-41E7-AABB-AE419EE74813}.Debug|iPhoneSimulator.Build.0 = Debug|Any CPU
		{23BBE23F-5599-41E7-AABB-AE419EE74813}.Debug|x64.ActiveCfg = Debug|Any CPU
		{23BBE23F-5599-41E7-AABB-AE419EE74813}.Debug|x64.Build.0 = Debug|Any CPU
		{23BBE23F-5599-41E7-AABB-AE419EE74813}.Debug|x86.ActiveCfg = Debug|Any CPU
		{23BBE23F-5599-41E7-AABB-AE419EE74813}.Debug|x86.Build.0 = Debug|Any CPU
		{23BBE23F-5599-41E7-AABB-AE419EE74813}.Publish|Any CPU.ActiveCfg = Release|Any CPU
		{23BBE23F-5599-41E7-AABB-AE419EE74813}.Publish|Any CPU.Build.0 = Release|Any CPU
		{23BBE23F-5599-41E7-AABB-AE419EE74813}.Publish|ARM.ActiveCfg = Release|Any CPU
		{23BBE23F-5599-41E7-AABB-AE419EE74813}.Publish|ARM.Build.0 = Release|Any CPU
		{23BBE23F-5599-41E7-AABB-AE419EE74813}.Publish|iPhone.ActiveCfg = Release|Any CPU
		{23BBE23F-5599-41E7-AABB-AE419EE74813}.Publish|iPhone.Build.0 = Release|Any CPU
		{23BBE23F-5599-41E7-AABB-AE419EE74813}.Publish|iPhoneSimulator.ActiveCfg = Release|Any CPU
		{23BBE23F-5599-41E7-AABB-AE419EE74813}.Publish|iPhoneSimulator.Build.0 = Release|Any CPU
		{23BBE23F-5599-41E7-AABB-AE419EE74813}.Publish|x64.ActiveCfg = Release|Any CPU
		{23BBE23F-5599-41E7-AABB-AE419EE74813}.Publish|x64.Build.0 = Release|Any CPU
		{23BBE23F-5599-41E7-AABB-AE419EE74813}.Publish|x86.ActiveCfg = Release|Any CPU
		{23BBE23F-5599-41E7-AABB-AE419EE74813}.Publish|x86.Build.0 = Release|Any CPU
		{23BBE23F-5599-41E7-AABB-AE419EE74813}.Release|Any CPU.ActiveCfg = Release|Any CPU
		{23BBE23F-5599-41E7-AABB-AE419EE74813}.Release|Any CPU.Build.0 = Release|Any CPU
		{23BBE23F-5599-41E7-AABB-AE419EE74813}.Release|ARM.ActiveCfg = Release|Any CPU
		{23BBE23F-5599-41E7-AABB-AE419EE74813}.Release|ARM.Build.0 = Release|Any CPU
		{23BBE23F-5599-41E7-AABB-AE419EE74813}.Release|iPhone.ActiveCfg = Release|Any CPU
		{23BBE23F-5599-41E7-AABB-AE419EE74813}.Release|iPhone.Build.0 = Release|Any CPU
		{23BBE23F-5599-41E7-AABB-AE419EE74813}.Release|iPhoneSimulator.ActiveCfg = Release|Any CPU
		{23BBE23F-5599-41E7-AABB-AE419EE74813}.Release|iPhoneSimulator.Build.0 = Release|Any CPU
		{23BBE23F-5599-41E7-AABB-AE419EE74813}.Release|x64.ActiveCfg = Release|Any CPU
		{23BBE23F-5599-41E7-AABB-AE419EE74813}.Release|x64.Build.0 = Release|Any CPU
		{23BBE23F-5599-41E7-AABB-AE419EE74813}.Release|x86.ActiveCfg = Release|Any CPU
		{23BBE23F-5599-41E7-AABB-AE419EE74813}.Release|x86.Build.0 = Release|Any CPU
		{3C910809-7EAC-42FE-9421-C010879F9921}.Ad-Hoc|Any CPU.ActiveCfg = Release|Any CPU
		{3C910809-7EAC-42FE-9421-C010879F9921}.Ad-Hoc|Any CPU.Build.0 = Release|Any CPU
		{3C910809-7EAC-42FE-9421-C010879F9921}.Ad-Hoc|ARM.ActiveCfg = Release|Any CPU
		{3C910809-7EAC-42FE-9421-C010879F9921}.Ad-Hoc|ARM.Build.0 = Release|Any CPU
		{3C910809-7EAC-42FE-9421-C010879F9921}.Ad-Hoc|iPhone.ActiveCfg = Release|Any CPU
		{3C910809-7EAC-42FE-9421-C010879F9921}.Ad-Hoc|iPhone.Build.0 = Release|Any CPU
		{3C910809-7EAC-42FE-9421-C010879F9921}.Ad-Hoc|iPhoneSimulator.ActiveCfg = Release|Any CPU
		{3C910809-7EAC-42FE-9421-C010879F9921}.Ad-Hoc|iPhoneSimulator.Build.0 = Release|Any CPU
		{3C910809-7EAC-42FE-9421-C010879F9921}.Ad-Hoc|x64.ActiveCfg = Release|Any CPU
		{3C910809-7EAC-42FE-9421-C010879F9921}.Ad-Hoc|x64.Build.0 = Release|Any CPU
		{3C910809-7EAC-42FE-9421-C010879F9921}.Ad-Hoc|x86.ActiveCfg = Release|Any CPU
		{3C910809-7EAC-42FE-9421-C010879F9921}.Ad-Hoc|x86.Build.0 = Release|Any CPU
		{3C910809-7EAC-42FE-9421-C010879F9921}.AppStore|Any CPU.ActiveCfg = Release|Any CPU
		{3C910809-7EAC-42FE-9421-C010879F9921}.AppStore|Any CPU.Build.0 = Release|Any CPU
		{3C910809-7EAC-42FE-9421-C010879F9921}.AppStore|ARM.ActiveCfg = Release|Any CPU
		{3C910809-7EAC-42FE-9421-C010879F9921}.AppStore|ARM.Build.0 = Release|Any CPU
		{3C910809-7EAC-42FE-9421-C010879F9921}.AppStore|iPhone.ActiveCfg = Release|Any CPU
		{3C910809-7EAC-42FE-9421-C010879F9921}.AppStore|iPhone.Build.0 = Release|Any CPU
		{3C910809-7EAC-42FE-9421-C010879F9921}.AppStore|iPhoneSimulator.ActiveCfg = Release|Any CPU
		{3C910809-7EAC-42FE-9421-C010879F9921}.AppStore|iPhoneSimulator.Build.0 = Release|Any CPU
		{3C910809-7EAC-42FE-9421-C010879F9921}.AppStore|x64.ActiveCfg = Release|Any CPU
		{3C910809-7EAC-42FE-9421-C010879F9921}.AppStore|x64.Build.0 = Release|Any CPU
		{3C910809-7EAC-42FE-9421-C010879F9921}.AppStore|x86.ActiveCfg = Release|Any CPU
		{3C910809-7EAC-42FE-9421-C010879F9921}.AppStore|x86.Build.0 = Release|Any CPU
		{3C910809-7EAC-42FE-9421-C010879F9921}.Debug|Any CPU.ActiveCfg = Debug|Any CPU
		{3C910809-7EAC-42FE-9421-C010879F9921}.Debug|Any CPU.Build.0 = Debug|Any CPU
		{3C910809-7EAC-42FE-9421-C010879F9921}.Debug|ARM.ActiveCfg = Debug|Any CPU
		{3C910809-7EAC-42FE-9421-C010879F9921}.Debug|ARM.Build.0 = Debug|Any CPU
		{3C910809-7EAC-42FE-9421-C010879F9921}.Debug|iPhone.ActiveCfg = Debug|Any CPU
		{3C910809-7EAC-42FE-9421-C010879F9921}.Debug|iPhone.Build.0 = Debug|Any CPU
		{3C910809-7EAC-42FE-9421-C010879F9921}.Debug|iPhoneSimulator.ActiveCfg = Debug|Any CPU
		{3C910809-7EAC-42FE-9421-C010879F9921}.Debug|iPhoneSimulator.Build.0 = Debug|Any CPU
		{3C910809-7EAC-42FE-9421-C010879F9921}.Debug|x64.ActiveCfg = Debug|Any CPU
		{3C910809-7EAC-42FE-9421-C010879F9921}.Debug|x64.Build.0 = Debug|Any CPU
		{3C910809-7EAC-42FE-9421-C010879F9921}.Debug|x86.ActiveCfg = Debug|Any CPU
		{3C910809-7EAC-42FE-9421-C010879F9921}.Debug|x86.Build.0 = Debug|Any CPU
		{3C910809-7EAC-42FE-9421-C010879F9921}.Publish|Any CPU.ActiveCfg = Release|Any CPU
		{3C910809-7EAC-42FE-9421-C010879F9921}.Publish|Any CPU.Build.0 = Release|Any CPU
		{3C910809-7EAC-42FE-9421-C010879F9921}.Publish|ARM.ActiveCfg = Debug|Any CPU
		{3C910809-7EAC-42FE-9421-C010879F9921}.Publish|ARM.Build.0 = Debug|Any CPU
		{3C910809-7EAC-42FE-9421-C010879F9921}.Publish|iPhone.ActiveCfg = Debug|Any CPU
		{3C910809-7EAC-42FE-9421-C010879F9921}.Publish|iPhone.Build.0 = Debug|Any CPU
		{3C910809-7EAC-42FE-9421-C010879F9921}.Publish|iPhoneSimulator.ActiveCfg = Debug|Any CPU
		{3C910809-7EAC-42FE-9421-C010879F9921}.Publish|iPhoneSimulator.Build.0 = Debug|Any CPU
		{3C910809-7EAC-42FE-9421-C010879F9921}.Publish|x64.ActiveCfg = Debug|Any CPU
		{3C910809-7EAC-42FE-9421-C010879F9921}.Publish|x64.Build.0 = Debug|Any CPU
		{3C910809-7EAC-42FE-9421-C010879F9921}.Publish|x86.ActiveCfg = Debug|Any CPU
		{3C910809-7EAC-42FE-9421-C010879F9921}.Publish|x86.Build.0 = Debug|Any CPU
		{3C910809-7EAC-42FE-9421-C010879F9921}.Release|Any CPU.ActiveCfg = Release|Any CPU
		{3C910809-7EAC-42FE-9421-C010879F9921}.Release|Any CPU.Build.0 = Release|Any CPU
		{3C910809-7EAC-42FE-9421-C010879F9921}.Release|ARM.ActiveCfg = Release|Any CPU
		{3C910809-7EAC-42FE-9421-C010879F9921}.Release|ARM.Build.0 = Release|Any CPU
		{3C910809-7EAC-42FE-9421-C010879F9921}.Release|iPhone.ActiveCfg = Release|Any CPU
		{3C910809-7EAC-42FE-9421-C010879F9921}.Release|iPhone.Build.0 = Release|Any CPU
		{3C910809-7EAC-42FE-9421-C010879F9921}.Release|iPhoneSimulator.ActiveCfg = Release|Any CPU
		{3C910809-7EAC-42FE-9421-C010879F9921}.Release|iPhoneSimulator.Build.0 = Release|Any CPU
		{3C910809-7EAC-42FE-9421-C010879F9921}.Release|x64.ActiveCfg = Release|Any CPU
		{3C910809-7EAC-42FE-9421-C010879F9921}.Release|x64.Build.0 = Release|Any CPU
		{3C910809-7EAC-42FE-9421-C010879F9921}.Release|x86.ActiveCfg = Release|Any CPU
		{3C910809-7EAC-42FE-9421-C010879F9921}.Release|x86.Build.0 = Release|Any CPU
		{E7C8D327-B800-4F8F-9CAD-6B90FB220D7C}.Ad-Hoc|Any CPU.ActiveCfg = Release|Any CPU
		{E7C8D327-B800-4F8F-9CAD-6B90FB220D7C}.Ad-Hoc|Any CPU.Build.0 = Release|Any CPU
		{E7C8D327-B800-4F8F-9CAD-6B90FB220D7C}.Ad-Hoc|ARM.ActiveCfg = Release|Any CPU
		{E7C8D327-B800-4F8F-9CAD-6B90FB220D7C}.Ad-Hoc|ARM.Build.0 = Release|Any CPU
		{E7C8D327-B800-4F8F-9CAD-6B90FB220D7C}.Ad-Hoc|iPhone.ActiveCfg = Release|Any CPU
		{E7C8D327-B800-4F8F-9CAD-6B90FB220D7C}.Ad-Hoc|iPhone.Build.0 = Release|Any CPU
		{E7C8D327-B800-4F8F-9CAD-6B90FB220D7C}.Ad-Hoc|iPhoneSimulator.ActiveCfg = Release|Any CPU
		{E7C8D327-B800-4F8F-9CAD-6B90FB220D7C}.Ad-Hoc|iPhoneSimulator.Build.0 = Release|Any CPU
		{E7C8D327-B800-4F8F-9CAD-6B90FB220D7C}.Ad-Hoc|x64.ActiveCfg = Release|Any CPU
		{E7C8D327-B800-4F8F-9CAD-6B90FB220D7C}.Ad-Hoc|x64.Build.0 = Release|Any CPU
		{E7C8D327-B800-4F8F-9CAD-6B90FB220D7C}.Ad-Hoc|x86.ActiveCfg = Release|Any CPU
		{E7C8D327-B800-4F8F-9CAD-6B90FB220D7C}.Ad-Hoc|x86.Build.0 = Release|Any CPU
		{E7C8D327-B800-4F8F-9CAD-6B90FB220D7C}.AppStore|Any CPU.ActiveCfg = Release|Any CPU
		{E7C8D327-B800-4F8F-9CAD-6B90FB220D7C}.AppStore|Any CPU.Build.0 = Release|Any CPU
		{E7C8D327-B800-4F8F-9CAD-6B90FB220D7C}.AppStore|ARM.ActiveCfg = Release|Any CPU
		{E7C8D327-B800-4F8F-9CAD-6B90FB220D7C}.AppStore|ARM.Build.0 = Release|Any CPU
		{E7C8D327-B800-4F8F-9CAD-6B90FB220D7C}.AppStore|iPhone.ActiveCfg = Release|Any CPU
		{E7C8D327-B800-4F8F-9CAD-6B90FB220D7C}.AppStore|iPhone.Build.0 = Release|Any CPU
		{E7C8D327-B800-4F8F-9CAD-6B90FB220D7C}.AppStore|iPhoneSimulator.ActiveCfg = Release|Any CPU
		{E7C8D327-B800-4F8F-9CAD-6B90FB220D7C}.AppStore|iPhoneSimulator.Build.0 = Release|Any CPU
		{E7C8D327-B800-4F8F-9CAD-6B90FB220D7C}.AppStore|x64.ActiveCfg = Release|Any CPU
		{E7C8D327-B800-4F8F-9CAD-6B90FB220D7C}.AppStore|x64.Build.0 = Release|Any CPU
		{E7C8D327-B800-4F8F-9CAD-6B90FB220D7C}.AppStore|x86.ActiveCfg = Release|Any CPU
		{E7C8D327-B800-4F8F-9CAD-6B90FB220D7C}.AppStore|x86.Build.0 = Release|Any CPU
		{E7C8D327-B800-4F8F-9CAD-6B90FB220D7C}.Debug|Any CPU.ActiveCfg = Debug|Any CPU
		{E7C8D327-B800-4F8F-9CAD-6B90FB220D7C}.Debug|Any CPU.Build.0 = Debug|Any CPU
		{E7C8D327-B800-4F8F-9CAD-6B90FB220D7C}.Debug|ARM.ActiveCfg = Debug|Any CPU
		{E7C8D327-B800-4F8F-9CAD-6B90FB220D7C}.Debug|ARM.Build.0 = Debug|Any CPU
		{E7C8D327-B800-4F8F-9CAD-6B90FB220D7C}.Debug|iPhone.ActiveCfg = Debug|Any CPU
		{E7C8D327-B800-4F8F-9CAD-6B90FB220D7C}.Debug|iPhone.Build.0 = Debug|Any CPU
		{E7C8D327-B800-4F8F-9CAD-6B90FB220D7C}.Debug|iPhoneSimulator.ActiveCfg = Debug|Any CPU
		{E7C8D327-B800-4F8F-9CAD-6B90FB220D7C}.Debug|iPhoneSimulator.Build.0 = Debug|Any CPU
		{E7C8D327-B800-4F8F-9CAD-6B90FB220D7C}.Debug|x64.ActiveCfg = Debug|Any CPU
		{E7C8D327-B800-4F8F-9CAD-6B90FB220D7C}.Debug|x64.Build.0 = Debug|Any CPU
		{E7C8D327-B800-4F8F-9CAD-6B90FB220D7C}.Debug|x86.ActiveCfg = Debug|Any CPU
		{E7C8D327-B800-4F8F-9CAD-6B90FB220D7C}.Debug|x86.Build.0 = Debug|Any CPU
		{E7C8D327-B800-4F8F-9CAD-6B90FB220D7C}.Publish|Any CPU.ActiveCfg = Release|Any CPU
		{E7C8D327-B800-4F8F-9CAD-6B90FB220D7C}.Publish|ARM.ActiveCfg = Debug|Any CPU
		{E7C8D327-B800-4F8F-9CAD-6B90FB220D7C}.Publish|ARM.Build.0 = Debug|Any CPU
		{E7C8D327-B800-4F8F-9CAD-6B90FB220D7C}.Publish|iPhone.ActiveCfg = Debug|Any CPU
		{E7C8D327-B800-4F8F-9CAD-6B90FB220D7C}.Publish|iPhone.Build.0 = Debug|Any CPU
		{E7C8D327-B800-4F8F-9CAD-6B90FB220D7C}.Publish|iPhoneSimulator.ActiveCfg = Debug|Any CPU
		{E7C8D327-B800-4F8F-9CAD-6B90FB220D7C}.Publish|iPhoneSimulator.Build.0 = Debug|Any CPU
		{E7C8D327-B800-4F8F-9CAD-6B90FB220D7C}.Publish|x64.ActiveCfg = Debug|Any CPU
		{E7C8D327-B800-4F8F-9CAD-6B90FB220D7C}.Publish|x64.Build.0 = Debug|Any CPU
		{E7C8D327-B800-4F8F-9CAD-6B90FB220D7C}.Publish|x86.ActiveCfg = Debug|Any CPU
		{E7C8D327-B800-4F8F-9CAD-6B90FB220D7C}.Publish|x86.Build.0 = Debug|Any CPU
		{E7C8D327-B800-4F8F-9CAD-6B90FB220D7C}.Release|Any CPU.ActiveCfg = Release|Any CPU
		{E7C8D327-B800-4F8F-9CAD-6B90FB220D7C}.Release|Any CPU.Build.0 = Release|Any CPU
		{E7C8D327-B800-4F8F-9CAD-6B90FB220D7C}.Release|ARM.ActiveCfg = Release|Any CPU
		{E7C8D327-B800-4F8F-9CAD-6B90FB220D7C}.Release|ARM.Build.0 = Release|Any CPU
		{E7C8D327-B800-4F8F-9CAD-6B90FB220D7C}.Release|iPhone.ActiveCfg = Release|Any CPU
		{E7C8D327-B800-4F8F-9CAD-6B90FB220D7C}.Release|iPhone.Build.0 = Release|Any CPU
		{E7C8D327-B800-4F8F-9CAD-6B90FB220D7C}.Release|iPhoneSimulator.ActiveCfg = Release|Any CPU
		{E7C8D327-B800-4F8F-9CAD-6B90FB220D7C}.Release|iPhoneSimulator.Build.0 = Release|Any CPU
		{E7C8D327-B800-4F8F-9CAD-6B90FB220D7C}.Release|x64.ActiveCfg = Release|Any CPU
		{E7C8D327-B800-4F8F-9CAD-6B90FB220D7C}.Release|x64.Build.0 = Release|Any CPU
		{E7C8D327-B800-4F8F-9CAD-6B90FB220D7C}.Release|x86.ActiveCfg = Release|Any CPU
		{E7C8D327-B800-4F8F-9CAD-6B90FB220D7C}.Release|x86.Build.0 = Release|Any CPU
		{2313B988-4902-41B3-B1F4-34C6CB96D1EC}.Ad-Hoc|Any CPU.ActiveCfg = Release|Any CPU
		{2313B988-4902-41B3-B1F4-34C6CB96D1EC}.Ad-Hoc|Any CPU.Build.0 = Release|Any CPU
		{2313B988-4902-41B3-B1F4-34C6CB96D1EC}.Ad-Hoc|Any CPU.Deploy.0 = Release|Any CPU
		{2313B988-4902-41B3-B1F4-34C6CB96D1EC}.Ad-Hoc|ARM.ActiveCfg = Release|Any CPU
		{2313B988-4902-41B3-B1F4-34C6CB96D1EC}.Ad-Hoc|ARM.Build.0 = Release|Any CPU
		{2313B988-4902-41B3-B1F4-34C6CB96D1EC}.Ad-Hoc|ARM.Deploy.0 = Release|Any CPU
		{2313B988-4902-41B3-B1F4-34C6CB96D1EC}.Ad-Hoc|iPhone.ActiveCfg = Release|Any CPU
		{2313B988-4902-41B3-B1F4-34C6CB96D1EC}.Ad-Hoc|iPhone.Build.0 = Release|Any CPU
		{2313B988-4902-41B3-B1F4-34C6CB96D1EC}.Ad-Hoc|iPhone.Deploy.0 = Release|Any CPU
		{2313B988-4902-41B3-B1F4-34C6CB96D1EC}.Ad-Hoc|iPhoneSimulator.ActiveCfg = Release|Any CPU
		{2313B988-4902-41B3-B1F4-34C6CB96D1EC}.Ad-Hoc|iPhoneSimulator.Build.0 = Release|Any CPU
		{2313B988-4902-41B3-B1F4-34C6CB96D1EC}.Ad-Hoc|iPhoneSimulator.Deploy.0 = Release|Any CPU
		{2313B988-4902-41B3-B1F4-34C6CB96D1EC}.Ad-Hoc|x64.ActiveCfg = Release|Any CPU
		{2313B988-4902-41B3-B1F4-34C6CB96D1EC}.Ad-Hoc|x64.Build.0 = Release|Any CPU
		{2313B988-4902-41B3-B1F4-34C6CB96D1EC}.Ad-Hoc|x64.Deploy.0 = Release|Any CPU
		{2313B988-4902-41B3-B1F4-34C6CB96D1EC}.Ad-Hoc|x86.ActiveCfg = Release|Any CPU
		{2313B988-4902-41B3-B1F4-34C6CB96D1EC}.Ad-Hoc|x86.Build.0 = Release|Any CPU
		{2313B988-4902-41B3-B1F4-34C6CB96D1EC}.Ad-Hoc|x86.Deploy.0 = Release|Any CPU
		{2313B988-4902-41B3-B1F4-34C6CB96D1EC}.AppStore|Any CPU.ActiveCfg = Release|Any CPU
		{2313B988-4902-41B3-B1F4-34C6CB96D1EC}.AppStore|Any CPU.Build.0 = Release|Any CPU
		{2313B988-4902-41B3-B1F4-34C6CB96D1EC}.AppStore|Any CPU.Deploy.0 = Release|Any CPU
		{2313B988-4902-41B3-B1F4-34C6CB96D1EC}.AppStore|ARM.ActiveCfg = Release|Any CPU
		{2313B988-4902-41B3-B1F4-34C6CB96D1EC}.AppStore|ARM.Build.0 = Release|Any CPU
		{2313B988-4902-41B3-B1F4-34C6CB96D1EC}.AppStore|ARM.Deploy.0 = Release|Any CPU
		{2313B988-4902-41B3-B1F4-34C6CB96D1EC}.AppStore|iPhone.ActiveCfg = Release|Any CPU
		{2313B988-4902-41B3-B1F4-34C6CB96D1EC}.AppStore|iPhone.Build.0 = Release|Any CPU
		{2313B988-4902-41B3-B1F4-34C6CB96D1EC}.AppStore|iPhone.Deploy.0 = Release|Any CPU
		{2313B988-4902-41B3-B1F4-34C6CB96D1EC}.AppStore|iPhoneSimulator.ActiveCfg = Release|Any CPU
		{2313B988-4902-41B3-B1F4-34C6CB96D1EC}.AppStore|iPhoneSimulator.Build.0 = Release|Any CPU
		{2313B988-4902-41B3-B1F4-34C6CB96D1EC}.AppStore|iPhoneSimulator.Deploy.0 = Release|Any CPU
		{2313B988-4902-41B3-B1F4-34C6CB96D1EC}.AppStore|x64.ActiveCfg = Release|Any CPU
		{2313B988-4902-41B3-B1F4-34C6CB96D1EC}.AppStore|x64.Build.0 = Release|Any CPU
		{2313B988-4902-41B3-B1F4-34C6CB96D1EC}.AppStore|x64.Deploy.0 = Release|Any CPU
		{2313B988-4902-41B3-B1F4-34C6CB96D1EC}.AppStore|x86.ActiveCfg = Release|Any CPU
		{2313B988-4902-41B3-B1F4-34C6CB96D1EC}.AppStore|x86.Build.0 = Release|Any CPU
		{2313B988-4902-41B3-B1F4-34C6CB96D1EC}.AppStore|x86.Deploy.0 = Release|Any CPU
		{2313B988-4902-41B3-B1F4-34C6CB96D1EC}.Debug|Any CPU.ActiveCfg = Debug|Any CPU
		{2313B988-4902-41B3-B1F4-34C6CB96D1EC}.Debug|Any CPU.Build.0 = Debug|Any CPU
		{2313B988-4902-41B3-B1F4-34C6CB96D1EC}.Debug|Any CPU.Deploy.0 = Debug|Any CPU
		{2313B988-4902-41B3-B1F4-34C6CB96D1EC}.Debug|ARM.ActiveCfg = Debug|Any CPU
		{2313B988-4902-41B3-B1F4-34C6CB96D1EC}.Debug|ARM.Build.0 = Debug|Any CPU
		{2313B988-4902-41B3-B1F4-34C6CB96D1EC}.Debug|ARM.Deploy.0 = Debug|Any CPU
		{2313B988-4902-41B3-B1F4-34C6CB96D1EC}.Debug|iPhone.ActiveCfg = Debug|Any CPU
		{2313B988-4902-41B3-B1F4-34C6CB96D1EC}.Debug|iPhone.Build.0 = Debug|Any CPU
		{2313B988-4902-41B3-B1F4-34C6CB96D1EC}.Debug|iPhone.Deploy.0 = Debug|Any CPU
		{2313B988-4902-41B3-B1F4-34C6CB96D1EC}.Debug|iPhoneSimulator.ActiveCfg = Debug|Any CPU
		{2313B988-4902-41B3-B1F4-34C6CB96D1EC}.Debug|iPhoneSimulator.Build.0 = Debug|Any CPU
		{2313B988-4902-41B3-B1F4-34C6CB96D1EC}.Debug|iPhoneSimulator.Deploy.0 = Debug|Any CPU
		{2313B988-4902-41B3-B1F4-34C6CB96D1EC}.Debug|x64.ActiveCfg = Debug|Any CPU
		{2313B988-4902-41B3-B1F4-34C6CB96D1EC}.Debug|x64.Build.0 = Debug|Any CPU
		{2313B988-4902-41B3-B1F4-34C6CB96D1EC}.Debug|x64.Deploy.0 = Debug|Any CPU
		{2313B988-4902-41B3-B1F4-34C6CB96D1EC}.Debug|x86.ActiveCfg = Debug|Any CPU
		{2313B988-4902-41B3-B1F4-34C6CB96D1EC}.Debug|x86.Build.0 = Debug|Any CPU
		{2313B988-4902-41B3-B1F4-34C6CB96D1EC}.Debug|x86.Deploy.0 = Debug|Any CPU
		{2313B988-4902-41B3-B1F4-34C6CB96D1EC}.Publish|Any CPU.ActiveCfg = Release|Any CPU
		{2313B988-4902-41B3-B1F4-34C6CB96D1EC}.Publish|ARM.ActiveCfg = Debug|Any CPU
		{2313B988-4902-41B3-B1F4-34C6CB96D1EC}.Publish|ARM.Build.0 = Debug|Any CPU
		{2313B988-4902-41B3-B1F4-34C6CB96D1EC}.Publish|ARM.Deploy.0 = Debug|Any CPU
		{2313B988-4902-41B3-B1F4-34C6CB96D1EC}.Publish|iPhone.ActiveCfg = Debug|Any CPU
		{2313B988-4902-41B3-B1F4-34C6CB96D1EC}.Publish|iPhone.Build.0 = Debug|Any CPU
		{2313B988-4902-41B3-B1F4-34C6CB96D1EC}.Publish|iPhone.Deploy.0 = Debug|Any CPU
		{2313B988-4902-41B3-B1F4-34C6CB96D1EC}.Publish|iPhoneSimulator.ActiveCfg = Debug|Any CPU
		{2313B988-4902-41B3-B1F4-34C6CB96D1EC}.Publish|iPhoneSimulator.Build.0 = Debug|Any CPU
		{2313B988-4902-41B3-B1F4-34C6CB96D1EC}.Publish|iPhoneSimulator.Deploy.0 = Debug|Any CPU
		{2313B988-4902-41B3-B1F4-34C6CB96D1EC}.Publish|x64.ActiveCfg = Debug|Any CPU
		{2313B988-4902-41B3-B1F4-34C6CB96D1EC}.Publish|x64.Build.0 = Debug|Any CPU
		{2313B988-4902-41B3-B1F4-34C6CB96D1EC}.Publish|x64.Deploy.0 = Debug|Any CPU
		{2313B988-4902-41B3-B1F4-34C6CB96D1EC}.Publish|x86.ActiveCfg = Debug|Any CPU
		{2313B988-4902-41B3-B1F4-34C6CB96D1EC}.Publish|x86.Build.0 = Debug|Any CPU
		{2313B988-4902-41B3-B1F4-34C6CB96D1EC}.Publish|x86.Deploy.0 = Debug|Any CPU
		{2313B988-4902-41B3-B1F4-34C6CB96D1EC}.Release|Any CPU.ActiveCfg = Release|Any CPU
		{2313B988-4902-41B3-B1F4-34C6CB96D1EC}.Release|Any CPU.Build.0 = Release|Any CPU
		{2313B988-4902-41B3-B1F4-34C6CB96D1EC}.Release|Any CPU.Deploy.0 = Release|Any CPU
		{2313B988-4902-41B3-B1F4-34C6CB96D1EC}.Release|ARM.ActiveCfg = Release|Any CPU
		{2313B988-4902-41B3-B1F4-34C6CB96D1EC}.Release|ARM.Build.0 = Release|Any CPU
		{2313B988-4902-41B3-B1F4-34C6CB96D1EC}.Release|ARM.Deploy.0 = Release|Any CPU
		{2313B988-4902-41B3-B1F4-34C6CB96D1EC}.Release|iPhone.ActiveCfg = Release|Any CPU
		{2313B988-4902-41B3-B1F4-34C6CB96D1EC}.Release|iPhone.Build.0 = Release|Any CPU
		{2313B988-4902-41B3-B1F4-34C6CB96D1EC}.Release|iPhone.Deploy.0 = Release|Any CPU
		{2313B988-4902-41B3-B1F4-34C6CB96D1EC}.Release|iPhoneSimulator.ActiveCfg = Release|Any CPU
		{2313B988-4902-41B3-B1F4-34C6CB96D1EC}.Release|iPhoneSimulator.Build.0 = Release|Any CPU
		{2313B988-4902-41B3-B1F4-34C6CB96D1EC}.Release|iPhoneSimulator.Deploy.0 = Release|Any CPU
		{2313B988-4902-41B3-B1F4-34C6CB96D1EC}.Release|x64.ActiveCfg = Release|Any CPU
		{2313B988-4902-41B3-B1F4-34C6CB96D1EC}.Release|x64.Build.0 = Release|Any CPU
		{2313B988-4902-41B3-B1F4-34C6CB96D1EC}.Release|x64.Deploy.0 = Release|Any CPU
		{2313B988-4902-41B3-B1F4-34C6CB96D1EC}.Release|x86.ActiveCfg = Release|Any CPU
		{2313B988-4902-41B3-B1F4-34C6CB96D1EC}.Release|x86.Build.0 = Release|Any CPU
		{2313B988-4902-41B3-B1F4-34C6CB96D1EC}.Release|x86.Deploy.0 = Release|Any CPU
		{FB41D289-8F5F-4074-A453-8FA9F0799CED}.Ad-Hoc|Any CPU.ActiveCfg = Ad-Hoc|iPhone
		{FB41D289-8F5F-4074-A453-8FA9F0799CED}.Ad-Hoc|ARM.ActiveCfg = Ad-Hoc|iPhone
		{FB41D289-8F5F-4074-A453-8FA9F0799CED}.Ad-Hoc|iPhone.ActiveCfg = Ad-Hoc|iPhone
		{FB41D289-8F5F-4074-A453-8FA9F0799CED}.Ad-Hoc|iPhone.Build.0 = Ad-Hoc|iPhone
		{FB41D289-8F5F-4074-A453-8FA9F0799CED}.Ad-Hoc|iPhoneSimulator.ActiveCfg = Ad-Hoc|iPhoneSimulator
		{FB41D289-8F5F-4074-A453-8FA9F0799CED}.Ad-Hoc|iPhoneSimulator.Build.0 = Ad-Hoc|iPhoneSimulator
		{FB41D289-8F5F-4074-A453-8FA9F0799CED}.Ad-Hoc|x64.ActiveCfg = Ad-Hoc|iPhone
		{FB41D289-8F5F-4074-A453-8FA9F0799CED}.Ad-Hoc|x86.ActiveCfg = Ad-Hoc|iPhone
		{FB41D289-8F5F-4074-A453-8FA9F0799CED}.AppStore|Any CPU.ActiveCfg = AppStore|iPhone
		{FB41D289-8F5F-4074-A453-8FA9F0799CED}.AppStore|ARM.ActiveCfg = AppStore|iPhone
		{FB41D289-8F5F-4074-A453-8FA9F0799CED}.AppStore|iPhone.ActiveCfg = AppStore|iPhone
		{FB41D289-8F5F-4074-A453-8FA9F0799CED}.AppStore|iPhone.Build.0 = AppStore|iPhone
		{FB41D289-8F5F-4074-A453-8FA9F0799CED}.AppStore|iPhoneSimulator.ActiveCfg = AppStore|iPhoneSimulator
		{FB41D289-8F5F-4074-A453-8FA9F0799CED}.AppStore|iPhoneSimulator.Build.0 = AppStore|iPhoneSimulator
		{FB41D289-8F5F-4074-A453-8FA9F0799CED}.AppStore|x64.ActiveCfg = AppStore|iPhone
		{FB41D289-8F5F-4074-A453-8FA9F0799CED}.AppStore|x86.ActiveCfg = AppStore|iPhone
		{FB41D289-8F5F-4074-A453-8FA9F0799CED}.Debug|Any CPU.ActiveCfg = Debug|iPhoneSimulator
		{FB41D289-8F5F-4074-A453-8FA9F0799CED}.Debug|Any CPU.Build.0 = Debug|iPhoneSimulator
		{FB41D289-8F5F-4074-A453-8FA9F0799CED}.Debug|ARM.ActiveCfg = Debug|iPhone
		{FB41D289-8F5F-4074-A453-8FA9F0799CED}.Debug|iPhone.ActiveCfg = Debug|iPhone
		{FB41D289-8F5F-4074-A453-8FA9F0799CED}.Debug|iPhone.Build.0 = Debug|iPhone
		{FB41D289-8F5F-4074-A453-8FA9F0799CED}.Debug|iPhoneSimulator.ActiveCfg = Debug|iPhoneSimulator
		{FB41D289-8F5F-4074-A453-8FA9F0799CED}.Debug|iPhoneSimulator.Build.0 = Debug|iPhoneSimulator
		{FB41D289-8F5F-4074-A453-8FA9F0799CED}.Debug|x64.ActiveCfg = Debug|iPhone
		{FB41D289-8F5F-4074-A453-8FA9F0799CED}.Debug|x86.ActiveCfg = Debug|iPhone
		{FB41D289-8F5F-4074-A453-8FA9F0799CED}.Publish|Any CPU.ActiveCfg = Release|iPhone
		{FB41D289-8F5F-4074-A453-8FA9F0799CED}.Publish|ARM.ActiveCfg = Release|iPhoneSimulator
		{FB41D289-8F5F-4074-A453-8FA9F0799CED}.Publish|ARM.Build.0 = Release|iPhoneSimulator
		{FB41D289-8F5F-4074-A453-8FA9F0799CED}.Publish|iPhone.ActiveCfg = Release|iPhone
		{FB41D289-8F5F-4074-A453-8FA9F0799CED}.Publish|iPhone.Build.0 = Release|iPhone
		{FB41D289-8F5F-4074-A453-8FA9F0799CED}.Publish|iPhoneSimulator.ActiveCfg = Release|iPhoneSimulator
		{FB41D289-8F5F-4074-A453-8FA9F0799CED}.Publish|iPhoneSimulator.Build.0 = Release|iPhoneSimulator
		{FB41D289-8F5F-4074-A453-8FA9F0799CED}.Publish|x64.ActiveCfg = Release|iPhoneSimulator
		{FB41D289-8F5F-4074-A453-8FA9F0799CED}.Publish|x64.Build.0 = Release|iPhoneSimulator
		{FB41D289-8F5F-4074-A453-8FA9F0799CED}.Publish|x86.ActiveCfg = Release|iPhoneSimulator
		{FB41D289-8F5F-4074-A453-8FA9F0799CED}.Publish|x86.Build.0 = Release|iPhoneSimulator
		{FB41D289-8F5F-4074-A453-8FA9F0799CED}.Release|Any CPU.ActiveCfg = Release|iPhone
		{FB41D289-8F5F-4074-A453-8FA9F0799CED}.Release|Any CPU.Build.0 = Release|iPhone
		{FB41D289-8F5F-4074-A453-8FA9F0799CED}.Release|ARM.ActiveCfg = Release|iPhone
		{FB41D289-8F5F-4074-A453-8FA9F0799CED}.Release|iPhone.ActiveCfg = Release|iPhone
		{FB41D289-8F5F-4074-A453-8FA9F0799CED}.Release|iPhone.Build.0 = Release|iPhone
		{FB41D289-8F5F-4074-A453-8FA9F0799CED}.Release|iPhoneSimulator.ActiveCfg = Release|iPhoneSimulator
		{FB41D289-8F5F-4074-A453-8FA9F0799CED}.Release|iPhoneSimulator.Build.0 = Release|iPhoneSimulator
		{FB41D289-8F5F-4074-A453-8FA9F0799CED}.Release|x64.ActiveCfg = Release|iPhone
		{FB41D289-8F5F-4074-A453-8FA9F0799CED}.Release|x86.ActiveCfg = Release|iPhone
		{DA3BC66C-C465-4F58-A098-93EA16C86777}.Ad-Hoc|Any CPU.ActiveCfg = Release|x64
		{DA3BC66C-C465-4F58-A098-93EA16C86777}.Ad-Hoc|Any CPU.Build.0 = Release|x64
		{DA3BC66C-C465-4F58-A098-93EA16C86777}.Ad-Hoc|Any CPU.Deploy.0 = Release|x64
		{DA3BC66C-C465-4F58-A098-93EA16C86777}.Ad-Hoc|ARM.ActiveCfg = Release|ARM
		{DA3BC66C-C465-4F58-A098-93EA16C86777}.Ad-Hoc|ARM.Build.0 = Release|ARM
		{DA3BC66C-C465-4F58-A098-93EA16C86777}.Ad-Hoc|ARM.Deploy.0 = Release|ARM
		{DA3BC66C-C465-4F58-A098-93EA16C86777}.Ad-Hoc|iPhone.ActiveCfg = Release|x64
		{DA3BC66C-C465-4F58-A098-93EA16C86777}.Ad-Hoc|iPhone.Build.0 = Release|x64
		{DA3BC66C-C465-4F58-A098-93EA16C86777}.Ad-Hoc|iPhone.Deploy.0 = Release|x64
		{DA3BC66C-C465-4F58-A098-93EA16C86777}.Ad-Hoc|iPhoneSimulator.ActiveCfg = Release|x64
		{DA3BC66C-C465-4F58-A098-93EA16C86777}.Ad-Hoc|iPhoneSimulator.Build.0 = Release|x64
		{DA3BC66C-C465-4F58-A098-93EA16C86777}.Ad-Hoc|iPhoneSimulator.Deploy.0 = Release|x64
		{DA3BC66C-C465-4F58-A098-93EA16C86777}.Ad-Hoc|x64.ActiveCfg = Release|x64
		{DA3BC66C-C465-4F58-A098-93EA16C86777}.Ad-Hoc|x64.Build.0 = Release|x64
		{DA3BC66C-C465-4F58-A098-93EA16C86777}.Ad-Hoc|x64.Deploy.0 = Release|x64
		{DA3BC66C-C465-4F58-A098-93EA16C86777}.Ad-Hoc|x86.ActiveCfg = Release|x86
		{DA3BC66C-C465-4F58-A098-93EA16C86777}.Ad-Hoc|x86.Build.0 = Release|x86
		{DA3BC66C-C465-4F58-A098-93EA16C86777}.Ad-Hoc|x86.Deploy.0 = Release|x86
		{DA3BC66C-C465-4F58-A098-93EA16C86777}.AppStore|Any CPU.ActiveCfg = Release|x64
		{DA3BC66C-C465-4F58-A098-93EA16C86777}.AppStore|Any CPU.Build.0 = Release|x64
		{DA3BC66C-C465-4F58-A098-93EA16C86777}.AppStore|Any CPU.Deploy.0 = Release|x64
		{DA3BC66C-C465-4F58-A098-93EA16C86777}.AppStore|ARM.ActiveCfg = Release|ARM
		{DA3BC66C-C465-4F58-A098-93EA16C86777}.AppStore|ARM.Build.0 = Release|ARM
		{DA3BC66C-C465-4F58-A098-93EA16C86777}.AppStore|ARM.Deploy.0 = Release|ARM
		{DA3BC66C-C465-4F58-A098-93EA16C86777}.AppStore|iPhone.ActiveCfg = Release|x64
		{DA3BC66C-C465-4F58-A098-93EA16C86777}.AppStore|iPhone.Build.0 = Release|x64
		{DA3BC66C-C465-4F58-A098-93EA16C86777}.AppStore|iPhone.Deploy.0 = Release|x64
		{DA3BC66C-C465-4F58-A098-93EA16C86777}.AppStore|iPhoneSimulator.ActiveCfg = Release|x64
		{DA3BC66C-C465-4F58-A098-93EA16C86777}.AppStore|iPhoneSimulator.Build.0 = Release|x64
		{DA3BC66C-C465-4F58-A098-93EA16C86777}.AppStore|iPhoneSimulator.Deploy.0 = Release|x64
		{DA3BC66C-C465-4F58-A098-93EA16C86777}.AppStore|x64.ActiveCfg = Release|x64
		{DA3BC66C-C465-4F58-A098-93EA16C86777}.AppStore|x64.Build.0 = Release|x64
		{DA3BC66C-C465-4F58-A098-93EA16C86777}.AppStore|x64.Deploy.0 = Release|x64
		{DA3BC66C-C465-4F58-A098-93EA16C86777}.AppStore|x86.ActiveCfg = Release|x86
		{DA3BC66C-C465-4F58-A098-93EA16C86777}.AppStore|x86.Build.0 = Release|x86
		{DA3BC66C-C465-4F58-A098-93EA16C86777}.AppStore|x86.Deploy.0 = Release|x86
		{DA3BC66C-C465-4F58-A098-93EA16C86777}.Debug|Any CPU.ActiveCfg = Debug|x86
		{DA3BC66C-C465-4F58-A098-93EA16C86777}.Debug|Any CPU.Build.0 = Debug|x86
		{DA3BC66C-C465-4F58-A098-93EA16C86777}.Debug|Any CPU.Deploy.0 = Debug|x86
		{DA3BC66C-C465-4F58-A098-93EA16C86777}.Debug|ARM.ActiveCfg = Debug|ARM
		{DA3BC66C-C465-4F58-A098-93EA16C86777}.Debug|ARM.Build.0 = Debug|ARM
		{DA3BC66C-C465-4F58-A098-93EA16C86777}.Debug|ARM.Deploy.0 = Debug|ARM
		{DA3BC66C-C465-4F58-A098-93EA16C86777}.Debug|iPhone.ActiveCfg = Debug|x86
		{DA3BC66C-C465-4F58-A098-93EA16C86777}.Debug|iPhoneSimulator.ActiveCfg = Debug|x86
		{DA3BC66C-C465-4F58-A098-93EA16C86777}.Debug|iPhoneSimulator.Build.0 = Debug|x86
		{DA3BC66C-C465-4F58-A098-93EA16C86777}.Debug|iPhoneSimulator.Deploy.0 = Debug|x86
		{DA3BC66C-C465-4F58-A098-93EA16C86777}.Debug|x64.ActiveCfg = Debug|x64
		{DA3BC66C-C465-4F58-A098-93EA16C86777}.Debug|x64.Build.0 = Debug|x64
		{DA3BC66C-C465-4F58-A098-93EA16C86777}.Debug|x64.Deploy.0 = Debug|x64
		{DA3BC66C-C465-4F58-A098-93EA16C86777}.Debug|x86.ActiveCfg = Debug|x86
		{DA3BC66C-C465-4F58-A098-93EA16C86777}.Debug|x86.Build.0 = Debug|x86
		{DA3BC66C-C465-4F58-A098-93EA16C86777}.Debug|x86.Deploy.0 = Debug|x86
		{DA3BC66C-C465-4F58-A098-93EA16C86777}.Publish|Any CPU.ActiveCfg = Release|x86
		{DA3BC66C-C465-4F58-A098-93EA16C86777}.Publish|ARM.ActiveCfg = Debug|ARM
		{DA3BC66C-C465-4F58-A098-93EA16C86777}.Publish|ARM.Build.0 = Debug|ARM
		{DA3BC66C-C465-4F58-A098-93EA16C86777}.Publish|ARM.Deploy.0 = Debug|ARM
		{DA3BC66C-C465-4F58-A098-93EA16C86777}.Publish|iPhone.ActiveCfg = Debug|x64
		{DA3BC66C-C465-4F58-A098-93EA16C86777}.Publish|iPhone.Build.0 = Debug|x64
		{DA3BC66C-C465-4F58-A098-93EA16C86777}.Publish|iPhone.Deploy.0 = Debug|x64
		{DA3BC66C-C465-4F58-A098-93EA16C86777}.Publish|iPhoneSimulator.ActiveCfg = Debug|x64
		{DA3BC66C-C465-4F58-A098-93EA16C86777}.Publish|iPhoneSimulator.Build.0 = Debug|x64
		{DA3BC66C-C465-4F58-A098-93EA16C86777}.Publish|iPhoneSimulator.Deploy.0 = Debug|x64
		{DA3BC66C-C465-4F58-A098-93EA16C86777}.Publish|x64.ActiveCfg = Debug|x64
		{DA3BC66C-C465-4F58-A098-93EA16C86777}.Publish|x64.Build.0 = Debug|x64
		{DA3BC66C-C465-4F58-A098-93EA16C86777}.Publish|x64.Deploy.0 = Debug|x64
		{DA3BC66C-C465-4F58-A098-93EA16C86777}.Publish|x86.ActiveCfg = Debug|x86
		{DA3BC66C-C465-4F58-A098-93EA16C86777}.Publish|x86.Build.0 = Debug|x86
		{DA3BC66C-C465-4F58-A098-93EA16C86777}.Publish|x86.Deploy.0 = Debug|x86
		{DA3BC66C-C465-4F58-A098-93EA16C86777}.Release|Any CPU.ActiveCfg = Release|x86
		{DA3BC66C-C465-4F58-A098-93EA16C86777}.Release|Any CPU.Build.0 = Release|x86
		{DA3BC66C-C465-4F58-A098-93EA16C86777}.Release|Any CPU.Deploy.0 = Release|x86
		{DA3BC66C-C465-4F58-A098-93EA16C86777}.Release|ARM.ActiveCfg = Release|ARM
		{DA3BC66C-C465-4F58-A098-93EA16C86777}.Release|ARM.Build.0 = Release|ARM
		{DA3BC66C-C465-4F58-A098-93EA16C86777}.Release|ARM.Deploy.0 = Release|ARM
		{DA3BC66C-C465-4F58-A098-93EA16C86777}.Release|iPhone.ActiveCfg = Release|x86
		{DA3BC66C-C465-4F58-A098-93EA16C86777}.Release|iPhoneSimulator.ActiveCfg = Release|x86
		{DA3BC66C-C465-4F58-A098-93EA16C86777}.Release|iPhoneSimulator.Build.0 = Release|x86
		{DA3BC66C-C465-4F58-A098-93EA16C86777}.Release|iPhoneSimulator.Deploy.0 = Release|x86
		{DA3BC66C-C465-4F58-A098-93EA16C86777}.Release|x64.ActiveCfg = Release|x64
		{DA3BC66C-C465-4F58-A098-93EA16C86777}.Release|x64.Build.0 = Release|x64
		{DA3BC66C-C465-4F58-A098-93EA16C86777}.Release|x64.Deploy.0 = Release|x64
		{DA3BC66C-C465-4F58-A098-93EA16C86777}.Release|x86.ActiveCfg = Release|x86
		{DA3BC66C-C465-4F58-A098-93EA16C86777}.Release|x86.Build.0 = Release|x86
		{DA3BC66C-C465-4F58-A098-93EA16C86777}.Release|x86.Deploy.0 = Release|x86
		{2B1508FE-0298-4740-B5D3-6B2BC0F0E08D}.Ad-Hoc|Any CPU.ActiveCfg = Release|Any CPU
		{2B1508FE-0298-4740-B5D3-6B2BC0F0E08D}.Ad-Hoc|Any CPU.Build.0 = Release|Any CPU
		{2B1508FE-0298-4740-B5D3-6B2BC0F0E08D}.Ad-Hoc|ARM.ActiveCfg = Release|ARM
		{2B1508FE-0298-4740-B5D3-6B2BC0F0E08D}.Ad-Hoc|ARM.Build.0 = Release|ARM
		{2B1508FE-0298-4740-B5D3-6B2BC0F0E08D}.Ad-Hoc|iPhone.ActiveCfg = Release|Any CPU
		{2B1508FE-0298-4740-B5D3-6B2BC0F0E08D}.Ad-Hoc|iPhone.Build.0 = Release|Any CPU
		{2B1508FE-0298-4740-B5D3-6B2BC0F0E08D}.Ad-Hoc|iPhoneSimulator.ActiveCfg = Release|Any CPU
		{2B1508FE-0298-4740-B5D3-6B2BC0F0E08D}.Ad-Hoc|iPhoneSimulator.Build.0 = Release|Any CPU
		{2B1508FE-0298-4740-B5D3-6B2BC0F0E08D}.Ad-Hoc|x64.ActiveCfg = Release|x64
		{2B1508FE-0298-4740-B5D3-6B2BC0F0E08D}.Ad-Hoc|x64.Build.0 = Release|x64
		{2B1508FE-0298-4740-B5D3-6B2BC0F0E08D}.Ad-Hoc|x86.ActiveCfg = Release|x86
		{2B1508FE-0298-4740-B5D3-6B2BC0F0E08D}.Ad-Hoc|x86.Build.0 = Release|x86
		{2B1508FE-0298-4740-B5D3-6B2BC0F0E08D}.AppStore|Any CPU.ActiveCfg = Release|Any CPU
		{2B1508FE-0298-4740-B5D3-6B2BC0F0E08D}.AppStore|Any CPU.Build.0 = Release|Any CPU
		{2B1508FE-0298-4740-B5D3-6B2BC0F0E08D}.AppStore|ARM.ActiveCfg = Release|ARM
		{2B1508FE-0298-4740-B5D3-6B2BC0F0E08D}.AppStore|ARM.Build.0 = Release|ARM
		{2B1508FE-0298-4740-B5D3-6B2BC0F0E08D}.AppStore|iPhone.ActiveCfg = Release|Any CPU
		{2B1508FE-0298-4740-B5D3-6B2BC0F0E08D}.AppStore|iPhone.Build.0 = Release|Any CPU
		{2B1508FE-0298-4740-B5D3-6B2BC0F0E08D}.AppStore|iPhoneSimulator.ActiveCfg = Release|Any CPU
		{2B1508FE-0298-4740-B5D3-6B2BC0F0E08D}.AppStore|iPhoneSimulator.Build.0 = Release|Any CPU
		{2B1508FE-0298-4740-B5D3-6B2BC0F0E08D}.AppStore|x64.ActiveCfg = Release|x64
		{2B1508FE-0298-4740-B5D3-6B2BC0F0E08D}.AppStore|x64.Build.0 = Release|x64
		{2B1508FE-0298-4740-B5D3-6B2BC0F0E08D}.AppStore|x86.ActiveCfg = Release|x86
		{2B1508FE-0298-4740-B5D3-6B2BC0F0E08D}.AppStore|x86.Build.0 = Release|x86
		{2B1508FE-0298-4740-B5D3-6B2BC0F0E08D}.Debug|Any CPU.ActiveCfg = Debug|Any CPU
		{2B1508FE-0298-4740-B5D3-6B2BC0F0E08D}.Debug|Any CPU.Build.0 = Debug|Any CPU
		{2B1508FE-0298-4740-B5D3-6B2BC0F0E08D}.Debug|ARM.ActiveCfg = Debug|ARM
		{2B1508FE-0298-4740-B5D3-6B2BC0F0E08D}.Debug|ARM.Build.0 = Debug|ARM
		{2B1508FE-0298-4740-B5D3-6B2BC0F0E08D}.Debug|iPhone.ActiveCfg = Debug|Any CPU
		{2B1508FE-0298-4740-B5D3-6B2BC0F0E08D}.Debug|iPhone.Build.0 = Debug|Any CPU
		{2B1508FE-0298-4740-B5D3-6B2BC0F0E08D}.Debug|iPhoneSimulator.ActiveCfg = Debug|Any CPU
		{2B1508FE-0298-4740-B5D3-6B2BC0F0E08D}.Debug|iPhoneSimulator.Build.0 = Debug|Any CPU
		{2B1508FE-0298-4740-B5D3-6B2BC0F0E08D}.Debug|x64.ActiveCfg = Debug|x64
		{2B1508FE-0298-4740-B5D3-6B2BC0F0E08D}.Debug|x64.Build.0 = Debug|x64
		{2B1508FE-0298-4740-B5D3-6B2BC0F0E08D}.Debug|x86.ActiveCfg = Debug|x86
		{2B1508FE-0298-4740-B5D3-6B2BC0F0E08D}.Debug|x86.Build.0 = Debug|x86
		{2B1508FE-0298-4740-B5D3-6B2BC0F0E08D}.Publish|Any CPU.ActiveCfg = Release|Any CPU
		{2B1508FE-0298-4740-B5D3-6B2BC0F0E08D}.Publish|Any CPU.Build.0 = Release|Any CPU
		{2B1508FE-0298-4740-B5D3-6B2BC0F0E08D}.Publish|ARM.ActiveCfg = Debug|ARM
		{2B1508FE-0298-4740-B5D3-6B2BC0F0E08D}.Publish|ARM.Build.0 = Debug|ARM
		{2B1508FE-0298-4740-B5D3-6B2BC0F0E08D}.Publish|iPhone.ActiveCfg = Debug|Any CPU
		{2B1508FE-0298-4740-B5D3-6B2BC0F0E08D}.Publish|iPhone.Build.0 = Debug|Any CPU
		{2B1508FE-0298-4740-B5D3-6B2BC0F0E08D}.Publish|iPhoneSimulator.ActiveCfg = Debug|Any CPU
		{2B1508FE-0298-4740-B5D3-6B2BC0F0E08D}.Publish|iPhoneSimulator.Build.0 = Debug|Any CPU
		{2B1508FE-0298-4740-B5D3-6B2BC0F0E08D}.Publish|x64.ActiveCfg = Debug|x64
		{2B1508FE-0298-4740-B5D3-6B2BC0F0E08D}.Publish|x64.Build.0 = Debug|x64
		{2B1508FE-0298-4740-B5D3-6B2BC0F0E08D}.Publish|x86.ActiveCfg = Debug|x86
		{2B1508FE-0298-4740-B5D3-6B2BC0F0E08D}.Publish|x86.Build.0 = Debug|x86
		{2B1508FE-0298-4740-B5D3-6B2BC0F0E08D}.Release|Any CPU.ActiveCfg = Release|Any CPU
		{2B1508FE-0298-4740-B5D3-6B2BC0F0E08D}.Release|Any CPU.Build.0 = Release|Any CPU
		{2B1508FE-0298-4740-B5D3-6B2BC0F0E08D}.Release|ARM.ActiveCfg = Release|ARM
		{2B1508FE-0298-4740-B5D3-6B2BC0F0E08D}.Release|ARM.Build.0 = Release|ARM
		{2B1508FE-0298-4740-B5D3-6B2BC0F0E08D}.Release|iPhone.ActiveCfg = Release|Any CPU
		{2B1508FE-0298-4740-B5D3-6B2BC0F0E08D}.Release|iPhone.Build.0 = Release|Any CPU
		{2B1508FE-0298-4740-B5D3-6B2BC0F0E08D}.Release|iPhoneSimulator.ActiveCfg = Release|Any CPU
		{2B1508FE-0298-4740-B5D3-6B2BC0F0E08D}.Release|iPhoneSimulator.Build.0 = Release|Any CPU
		{2B1508FE-0298-4740-B5D3-6B2BC0F0E08D}.Release|x64.ActiveCfg = Release|x64
		{2B1508FE-0298-4740-B5D3-6B2BC0F0E08D}.Release|x64.Build.0 = Release|x64
		{2B1508FE-0298-4740-B5D3-6B2BC0F0E08D}.Release|x86.ActiveCfg = Release|x86
		{2B1508FE-0298-4740-B5D3-6B2BC0F0E08D}.Release|x86.Build.0 = Release|x86
	EndGlobalSection
	GlobalSection(SolutionProperties) = preSolution
		HideSolutionNode = FALSE
	EndGlobalSection
	GlobalSection(NestedProjects) = preSolution
		{E7C8D327-B800-4F8F-9CAD-6B90FB220D7C} = {C3E9E54F-3BCC-491D-9B3F-753B3A2D7C0B}
		{2313B988-4902-41B3-B1F4-34C6CB96D1EC} = {C3E9E54F-3BCC-491D-9B3F-753B3A2D7C0B}
		{FB41D289-8F5F-4074-A453-8FA9F0799CED} = {C3E9E54F-3BCC-491D-9B3F-753B3A2D7C0B}
		{DA3BC66C-C465-4F58-A098-93EA16C86777} = {C3E9E54F-3BCC-491D-9B3F-753B3A2D7C0B}
	EndGlobalSection
	GlobalSection(ExtensibilityGlobals) = postSolution
		SolutionGuid = {D8C190DB-BF68-4BD7-9DB8-DE92D9DC0AAB}
	EndGlobalSection
EndGlobal
