
Microsoft Visual Studio Solution File, Format Version 12.00
# Visual Studio 15
VisualStudioVersion = 15.0.27130.2010
MinimumVisualStudioVersion = 10.0.40219.1
Project("{9A19103F-16F7-4668-BE54-9A1E7A4F7556}") = "Rg.Plugins.Popup", "Rg.Plugins.Popup\Rg.Plugins.Popup.csproj", "{67F9D3A8-F71E-4428-913F-C37AE82CDB24}"
EndProject
Project("{FAE04EC0-301F-11D3-BF4B-00C04F79EFBC}") = "Rg.Plugins.Popup.Droid", "Rg.Plugins.Popup.Droid\Rg.Plugins.Popup.Droid.csproj", "{23BBE23F-5599-41E7-AABB-AE419EE74813}"
EndProject
Project("{FAE04EC0-301F-11D3-BF4B-00C04F79EFBC}") = "Rg.Plugins.Popup.IOS", "Rg.Plugins.Popup.IOS\Rg.Plugins.Popup.IOS.csproj", "{3C910809-7EAC-42FE-9421-C010879F9921}"
EndProject
Project("{2150E333-8FDC-42A3-9474-1A3956D46DE8}") = "nuspec", "nuspec", "{513DF223-8613-44A0-A67E-2C05601D5A62}"
	ProjectSection(SolutionItems) = preProject
		..\nuspec\Rg.Plugins.Popup.nuspec = ..\nuspec\Rg.Plugins.Popup.nuspec
	EndProjectSection
EndProject
Project("{2150E333-8FDC-42A3-9474-1A3956D46DE8}") = "github", "github", "{DDABBA8A-C29B-4ABD-BFCC-DC3D7A3ADE7B}"
	ProjectSection(SolutionItems) = preProject
		..\README.md = ..\README.md
	EndProjectSection
EndProject
Project("{2150E333-8FDC-42A3-9474-1A3956D46DE8}") = "Build", "Build", "{C18A37DD-B8F1-4C8F-AC24-EC18BBC80F07}"
	ProjectSection(SolutionItems) = preProject
		..\appveyor.yml = ..\appveyor.yml
	EndProjectSection
EndProject
Global
	GlobalSection(SolutionConfigurationPlatforms) = preSolution
		Ad-Hoc|Any CPU = Ad-Hoc|Any CPU
		Ad-Hoc|ARM = Ad-Hoc|ARM
		Ad-Hoc|iPhone = Ad-Hoc|iPhone
		Ad-Hoc|iPhoneSimulator = Ad-Hoc|iPhoneSimulator
		Ad-Hoc|x64 = Ad-Hoc|x64
		Ad-Hoc|x86 = Ad-Hoc|x86
		AppStore|Any CPU = AppStore|Any CPU
		AppStore|ARM = AppStore|ARM
		AppStore|iPhone = AppStore|iPhone
		AppStore|iPhoneSimulator = AppStore|iPhoneSimulator
		AppStore|x64 = AppStore|x64
		AppStore|x86 = AppStore|x86
		Debug|Any CPU = Debug|Any CPU
		Debug|ARM = Debug|ARM
		Debug|iPhone = Debug|iPhone
		Debug|iPhoneSimulator = Debug|iPhoneSimulator
		Debug|x64 = Debug|x64
		Debug|x86 = Debug|x86
		Publish|Any CPU = Publish|Any CPU
		Publish|ARM = Publish|ARM
		Publish|iPhone = Publish|iPhone
		Publish|iPhoneSimulator = Publish|iPhoneSimulator
		Publish|x64 = Publish|x64
		Publish|x86 = Publish|x86
		Release|Any CPU = Release|Any CPU
		Release|ARM = Release|ARM
		Release|iPhone = Release|iPhone
		Release|iPhoneSimulator = Release|iPhoneSimulator
		Release|x64 = Release|x64
		Release|x86 = Release|x86
	EndGlobalSection
	GlobalSection(ProjectConfigurationPlatforms) = postSolution
		{67F9D3A8-F71E-4428-913F-C37AE82CDB24}.Ad-Hoc|Any CPU.ActiveCfg = Debug|Any CPU
		{67F9D3A8-F71E-4428-913F-C37AE82CDB24}.Ad-Hoc|Any CPU.Build.0 = Debug|Any CPU
		{67F9D3A8-F71E-4428-913F-C37AE82CDB24}.Ad-Hoc|ARM.ActiveCfg = Debug|Any CPU
		{67F9D3A8-F71E-4428-913F-C37AE82CDB24}.Ad-Hoc|ARM.Build.0 = Debug|Any CPU
		{67F9D3A8-F71E-4428-913F-C37AE82CDB24}.Ad-Hoc|iPhone.ActiveCfg = Debug|Any CPU
		{67F9D3A8-F71E-4428-913F-C37AE82CDB24}.Ad-Hoc|iPhone.Build.0 = Debug|Any CPU
		{67F9D3A8-F71E-4428-913F-C37AE82CDB24}.Ad-Hoc|iPhoneSimulator.ActiveCfg = Debug|Any CPU
		{67F9D3A8-F71E-4428-913F-C37AE82CDB24}.Ad-Hoc|iPhoneSimulator.Build.0 = Debug|Any CPU
		{67F9D3A8-F71E-4428-913F-C37AE82CDB24}.Ad-Hoc|x64.ActiveCfg = Debug|Any CPU
		{67F9D3A8-F71E-4428-913F-C37AE82CDB24}.Ad-Hoc|x64.Build.0 = Debug|Any CPU
		{67F9D3A8-F71E-4428-913F-C37AE82CDB24}.Ad-Hoc|x86.ActiveCfg = Debug|Any CPU
		{67F9D3A8-F71E-4428-913F-C37AE82CDB24}.Ad-Hoc|x86.Build.0 = Debug|Any CPU
		{67F9D3A8-F71E-4428-913F-C37AE82CDB24}.AppStore|Any CPU.ActiveCfg = Release|Any CPU
		{67F9D3A8-F71E-4428-913F-C37AE82CDB24}.AppStore|Any CPU.Build.0 = Release|Any CPU
		{67F9D3A8-F71E-4428-913F-C37AE82CDB24}.AppStore|ARM.ActiveCfg = Debug|Any CPU
		{67F9D3A8-F71E-4428-913F-C37AE82CDB24}.AppStore|ARM.Build.0 = Debug|Any CPU
		{67F9D3A8-F71E-4428-913F-C37AE82CDB24}.AppStore|iPhone.ActiveCfg = Debug|Any CPU
		{67F9D3A8-F71E-4428-913F-C37AE82CDB24}.AppStore|iPhone.Build.0 = Debug|Any CPU
		{67F9D3A8-F71E-4428-913F-C37AE82CDB24}.AppStore|iPhoneSimulator.ActiveCfg = Debug|Any CPU
		{67F9D3A8-F71E-4428-913F-C37AE82CDB24}.AppStore|iPhoneSimulator.Build.0 = Debug|Any CPU
		{67F9D3A8-F71E-4428-913F-C37AE82CDB24}.AppStore|x64.ActiveCfg = Debug|Any CPU
		{67F9D3A8-F71E-4428-913F-C37AE82CDB24}.AppStore|x64.Build.0 = Debug|Any CPU
		{67F9D3A8-F71E-4428-913F-C37AE82CDB24}.AppStore|x86.ActiveCfg = Debug|Any CPU
		{67F9D3A8-F71E-4428-913F-C37AE82CDB24}.AppStore|x86.Build.0 = Debug|Any CPU
		{67F9D3A8-F71E-4428-913F-C37AE82CDB24}.Debug|Any CPU.ActiveCfg = Debug|Any CPU
		{67F9D3A8-F71E-4428-913F-C37AE82CDB24}.Debug|Any CPU.Build.0 = Debug|Any CPU
		{67F9D3A8-F71E-4428-913F-C37AE82CDB24}.Debug|ARM.ActiveCfg = Debug|Any CPU
		{67F9D3A8-F71E-4428-913F-C37AE82CDB24}.Debug|ARM.Build.0 = Debug|Any CPU
		{67F9D3A8-F71E-4428-913F-C37AE82CDB24}.Debug|iPhone.ActiveCfg = Debug|Any CPU
		{67F9D3A8-F71E-4428-913F-C37AE82CDB24}.Debug|iPhone.Build.0 = Debug|Any CPU
		{67F9D3A8-F71E-4428-913F-C37AE82CDB24}.Debug|iPhoneSimulator.ActiveCfg = Debug|Any CPU
		{67F9D3A8-F71E-4428-913F-C37AE82CDB24}.Debug|iPhoneSimulator.Build.0 = Debug|Any CPU
		{67F9D3A8-F71E-4428-913F-C37AE82CDB24}.Debug|x64.ActiveCfg = Debug|Any CPU
		{67F9D3A8-F71E-4428-913F-C37AE82CDB24}.Debug|x64.Build.0 = Debug|Any CPU
		{67F9D3A8-F71E-4428-913F-C37AE82CDB24}.Debug|x86.ActiveCfg = Debug|Any CPU
		{67F9D3A8-F71E-4428-913F-C37AE82CDB24}.Debug|x86.Build.0 = Debug|Any CPU
		{67F9D3A8-F71E-4428-913F-C37AE82CDB24}.Publish|Any CPU.ActiveCfg = Release|Any CPU
		{67F9D3A8-F71E-4428-913F-C37AE82CDB24}.Publish|Any CPU.Build.0 = Release|Any CPU
		{67F9D3A8-F71E-4428-913F-C37AE82CDB24}.Publish|ARM.ActiveCfg = Release|Any CPU
		{67F9D3A8-F71E-4428-913F-C37AE82CDB24}.Publish|ARM.Build.0 = Release|Any CPU
		{67F9D3A8-F71E-4428-913F-C37AE82CDB24}.Publish|iPhone.ActiveCfg = Release|Any CPU
		{67F9D3A8-F71E-4428-913F-C37AE82CDB24}.Publish|iPhone.Build.0 = Release|Any CPU
		{67F9D3A8-F71E-4428-913F-C37AE82CDB24}.Publish|iPhoneSimulator.ActiveCfg = Release|Any CPU
		{67F9D3A8-F71E-4428-913F-C37AE82CDB24}.Publish|iPhoneSimulator.Build.0 = Release|Any CPU
		{67F9D3A8-F71E-4428-913F-C37AE82CDB24}.Publish|x64.ActiveCfg = Release|Any CPU
		{67F9D3A8-F71E-4428-913F-C37AE82CDB24}.Publish|x64.Build.0 = Release|Any CPU
		{67F9D3A8-F71E-4428-913F-C37AE82CDB24}.Publish|x86.ActiveCfg = Release|Any CPU
		{67F9D3A8-F71E-4428-913F-C37AE82CDB24}.Publish|x86.Build.0 = Release|Any CPU
		{67F9D3A8-F71E-4428-913F-C37AE82CDB24}.Release|Any CPU.ActiveCfg = Release|Any CPU
		{67F9D3A8-F71E-4428-913F-C37AE82CDB24}.Release|Any CPU.Build.0 = Release|Any CPU
		{67F9D3A8-F71E-4428-913F-C37AE82CDB24}.Release|ARM.ActiveCfg = Release|Any CPU
		{67F9D3A8-F71E-4428-913F-C37AE82CDB24}.Release|ARM.Build.0 = Release|Any CPU
		{67F9D3A8-F71E-4428-913F-C37AE82CDB24}.Release|iPhone.ActiveCfg = Release|Any CPU
		{67F9D3A8-F71E-4428-913F-C37AE82CDB24}.Release|iPhone.Build.0 = Release|Any CPU
		{67F9D3A8-F71E-4428-913F-C37AE82CDB24}.Release|iPhoneSimulator.ActiveCfg = Release|Any CPU
		{67F9D3A8-F71E-4428-913F-C37AE82CDB24}.Release|iPhoneSimulator.Build.0 = Release|Any CPU
		{67F9D3A8-F71E-4428-913F-C37AE82CDB24}.Release|x64.ActiveCfg = Release|Any CPU
		{67F9D3A8-F71E-4428-913F-C37AE82CDB24}.Release|x64.Build.0 = Release|Any CPU
		{67F9D3A8-F71E-4428-913F-C37AE82CDB24}.Release|x86.ActiveCfg = Release|Any CPU
		{67F9D3A8-F71E-4428-913F-C37AE82CDB24}.Release|x86.Build.0 = Release|Any CPU
		{23BBE23F-5599-41E7-AABB-AE419EE74813}.Ad-Hoc|Any CPU.ActiveCfg = Debug|Any CPU
		{23BBE23F-5599-41E7-AABB-AE419EE74813}.Ad-Hoc|Any CPU.Build.0 = Debug|Any CPU
		{23BBE23F-5599-41E7-AABB-AE419EE74813}.Ad-Hoc|ARM.ActiveCfg = Debug|Any CPU
		{23BBE23F-5599-41E7-AABB-AE419EE74813}.Ad-Hoc|ARM.Build.0 = Debug|Any CPU
		{23BBE23F-5599-41E7-AABB-AE419EE74813}.Ad-Hoc|iPhone.ActiveCfg = Debug|Any CPU
		{23BBE23F-5599-41E7-AABB-AE419EE74813}.Ad-Hoc|iPhone.Build.0 = Debug|Any CPU
		{23BBE23F-5599-41E7-AABB-AE419EE74813}.Ad-Hoc|iPhoneSimulator.ActiveCfg = Debug|Any CPU
		{23BBE23F-5599-41E7-AABB-AE419EE74813}.Ad-Hoc|iPhoneSimulator.Build.0 = Debug|Any CPU
		{23BBE23F-5599-41E7-AABB-AE419EE74813}.Ad-Hoc|x64.ActiveCfg = Debug|Any CPU
		{23BBE23F-5599-41E7-AABB-AE419EE74813}.Ad-Hoc|x64.Build.0 = Debug|Any CPU
		{23BBE23F-5599-41E7-AABB-AE419EE74813}.Ad-Hoc|x86.ActiveCfg = Debug|Any CPU
		{23BBE23F-5599-41E7-AABB-AE419EE74813}.Ad-Hoc|x86.Build.0 = Debug|Any CPU
		{23BBE23F-5599-41E7-AABB-AE419EE74813}.AppStore|Any CPU.ActiveCfg = Release|Any CPU
		{23BBE23F-5599-41E7-AABB-AE419EE74813}.AppStore|Any CPU.Build.0 = Release|Any CPU
		{23BBE23F-5599-41E7-AABB-AE419EE74813}.AppStore|ARM.ActiveCfg = Debug|Any CPU
		{23BBE23F-5599-41E7-AABB-AE419EE74813}.AppStore|ARM.Build.0 = Debug|Any CPU
		{23BBE23F-5599-41E7-AABB-AE419EE74813}.AppStore|iPhone.ActiveCfg = Debug|Any CPU
		{23BBE23F-5599-41E7-AABB-AE419EE74813}.AppStore|iPhone.Build.0 = Debug|Any CPU
		{23BBE23F-5599-41E7-AABB-AE419EE74813}.AppStore|iPhoneSimulator.ActiveCfg = Debug|Any CPU
		{23BBE23F-5599-41E7-AABB-AE419EE74813}.AppStore|iPhoneSimulator.Build.0 = Debug|Any CPU
		{23BBE23F-5599-41E7-AABB-AE419EE74813}.AppStore|x64.ActiveCfg = Debug|Any CPU
		{23BBE23F-5599-41E7-AABB-AE419EE74813}.AppStore|x64.Build.0 = Debug|Any CPU
		{23BBE23F-5599-41E7-AABB-AE419EE74813}.AppStore|x86.ActiveCfg = Debug|Any CPU
		{23BBE23F-5599-41E7-AABB-AE419EE74813}.AppStore|x86.Build.0 = Debug|Any CPU
		{23BBE23F-5599-41E7-AABB-AE419EE74813}.Debug|Any CPU.ActiveCfg = Debug|Any CPU
		{23BBE23F-5599-41E7-AABB-AE419EE74813}.Debug|Any CPU.Build.0 = Debug|Any CPU
		{23BBE23F-5599-41E7-AABB-AE419EE74813}.Debug|ARM.ActiveCfg = Debug|Any CPU
		{23BBE23F-5599-41E7-AABB-AE419EE74813}.Debug|ARM.Build.0 = Debug|Any CPU
		{23BBE23F-5599-41E7-AABB-AE419EE74813}.Debug|iPhone.ActiveCfg = Debug|Any CPU
		{23BBE23F-5599-41E7-AABB-AE419EE74813}.Debug|iPhone.Build.0 = Debug|Any CPU
		{23BBE23F-5599-41E7-AABB-AE419EE74813}.Debug|iPhoneSimulator.ActiveCfg = Debug|Any CPU
		{23BBE23F-5599-41E7-AABB-AE419EE74813}.Debug|iPhoneSimulator.Build.0 = Debug|Any CPU
		{23BBE23F-5599-41E7-AABB-AE419EE74813}.Debug|x64.ActiveCfg = Debug|Any CPU
		{23BBE23F-5599-41E7-AABB-AE419EE74813}.Debug|x64.Build.0 = Debug|Any CPU
		{23BBE23F-5599-41E7-AABB-AE419EE74813}.Debug|x86.ActiveCfg = Debug|Any CPU
		{23BBE23F-5599-41E7-AABB-AE419EE74813}.Debug|x86.Build.0 = Debug|Any CPU
		{23BBE23F-5599-41E7-AABB-AE419EE74813}.Publish|Any CPU.ActiveCfg = Release|Any CPU
		{23BBE23F-5599-41E7-AABB-AE419EE74813}.Publish|Any CPU.Build.0 = Release|Any CPU
		{23BBE23F-5599-41E7-AABB-AE419EE74813}.Publish|ARM.ActiveCfg = Release|Any CPU
		{23BBE23F-5599-41E7-AABB-AE419EE74813}.Publish|ARM.Build.0 = Release|Any CPU
		{23BBE23F-5599-41E7-AABB-AE419EE74813}.Publish|iPhone.ActiveCfg = Release|Any CPU
		{23BBE23F-5599-41E7-AABB-AE419EE74813}.Publish|iPhone.Build.0 = Release|Any CPU
		{23BBE23F-5599-41E7-AABB-AE419EE74813}.Publish|iPhoneSimulator.ActiveCfg = Release|Any CPU
		{23BBE23F-5599-41E7-AABB-AE419EE74813}.Publish|iPhoneSimulator.Build.0 = Release|Any CPU
		{23BBE23F-5599-41E7-AABB-AE419EE74813}.Publish|x64.ActiveCfg = Release|Any CPU
		{23BBE23F-5599-41E7-AABB-AE419EE74813}.Publish|x64.Build.0 = Release|Any CPU
		{23BBE23F-5599-41E7-AABB-AE419EE74813}.Publish|x86.ActiveCfg = Release|Any CPU
		{23BBE23F-5599-41E7-AABB-AE419EE74813}.Publish|x86.Build.0 = Release|Any CPU
		{23BBE23F-5599-41E7-AABB-AE419EE74813}.Release|Any CPU.ActiveCfg = Release|Any CPU
		{23BBE23F-5599-41E7-AABB-AE419EE74813}.Release|Any CPU.Build.0 = Release|Any CPU
		{23BBE23F-5599-41E7-AABB-AE419EE74813}.Release|ARM.ActiveCfg = Release|Any CPU
		{23BBE23F-5599-41E7-AABB-AE419EE74813}.Release|ARM.Build.0 = Release|Any CPU
		{23BBE23F-5599-41E7-AABB-AE419EE74813}.Release|iPhone.ActiveCfg = Release|Any CPU
		{23BBE23F-5599-41E7-AABB-AE419EE74813}.Release|iPhone.Build.0 = Release|Any CPU
		{23BBE23F-5599-41E7-AABB-AE419EE74813}.Release|iPhoneSimulator.ActiveCfg = Release|Any CPU
		{23BBE23F-5599-41E7-AABB-AE419EE74813}.Release|iPhoneSimulator.Build.0 = Release|Any CPU
		{23BBE23F-5599-41E7-AABB-AE419EE74813}.Release|x64.ActiveCfg = Release|Any CPU
		{23BBE23F-5599-41E7-AABB-AE419EE74813}.Release|x64.Build.0 = Release|Any CPU
		{23BBE23F-5599-41E7-AABB-AE419EE74813}.Release|x86.ActiveCfg = Release|Any CPU
		{23BBE23F-5599-41E7-AABB-AE419EE74813}.Release|x86.Build.0 = Release|Any CPU
		{3C910809-7EAC-42FE-9421-C010879F9921}.Ad-Hoc|Any CPU.ActiveCfg = Release|Any CPU
		{3C910809-7EAC-42FE-9421-C010879F9921}.Ad-Hoc|Any CPU.Build.0 = Release|Any CPU
		{3C910809-7EAC-42FE-9421-C010879F9921}.Ad-Hoc|ARM.ActiveCfg = Release|Any CPU
		{3C910809-7EAC-42FE-9421-C010879F9921}.Ad-Hoc|ARM.Build.0 = Release|Any CPU
		{3C910809-7EAC-42FE-9421-C010879F9921}.Ad-Hoc|iPhone.ActiveCfg = Release|Any CPU
		{3C910809-7EAC-42FE-9421-C010879F9921}.Ad-Hoc|iPhone.Build.0 = Release|Any CPU
		{3C910809-7EAC-42FE-9421-C010879F9921}.Ad-Hoc|iPhoneSimulator.ActiveCfg = Release|Any CPU
		{3C910809-7EAC-42FE-9421-C010879F9921}.Ad-Hoc|iPhoneSimulator.Build.0 = Release|Any CPU
		{3C910809-7EAC-42FE-9421-C010879F9921}.Ad-Hoc|x64.ActiveCfg = Release|Any CPU
		{3C910809-7EAC-42FE-9421-C010879F9921}.Ad-Hoc|x64.Build.0 = Release|Any CPU
		{3C910809-7EAC-42FE-9421-C010879F9921}.Ad-Hoc|x86.ActiveCfg = Release|Any CPU
		{3C910809-7EAC-42FE-9421-C010879F9921}.Ad-Hoc|x86.Build.0 = Release|Any CPU
		{3C910809-7EAC-42FE-9421-C010879F9921}.AppStore|Any CPU.ActiveCfg = Release|Any CPU
		{3C910809-7EAC-42FE-9421-C010879F9921}.AppStore|Any CPU.Build.0 = Release|Any CPU
		{3C910809-7EAC-42FE-9421-C010879F9921}.AppStore|ARM.ActiveCfg = Release|Any CPU
		{3C910809-7EAC-42FE-9421-C010879F9921}.AppStore|ARM.Build.0 = Release|Any CPU
		{3C910809-7EAC-42FE-9421-C010879F9921}.AppStore|iPhone.ActiveCfg = Release|Any CPU
		{3C910809-7EAC-42FE-9421-C010879F9921}.AppStore|iPhone.Build.0 = Release|Any CPU
		{3C910809-7EAC-42FE-9421-C010879F9921}.AppStore|iPhoneSimulator.ActiveCfg = Release|Any CPU
		{3C910809-7EAC-42FE-9421-C010879F9921}.AppStore|iPhoneSimulator.Build.0 = Release|Any CPU
		{3C910809-7EAC-42FE-9421-C010879F9921}.AppStore|x64.ActiveCfg = Release|Any CPU
		{3C910809-7EAC-42FE-9421-C010879F9921}.AppStore|x64.Build.0 = Release|Any CPU
		{3C910809-7EAC-42FE-9421-C010879F9921}.AppStore|x86.ActiveCfg = Release|Any CPU
		{3C910809-7EAC-42FE-9421-C010879F9921}.AppStore|x86.Build.0 = Release|Any CPU
		{3C910809-7EAC-42FE-9421-C010879F9921}.Debug|Any CPU.ActiveCfg = Debug|Any CPU
		{3C910809-7EAC-42FE-9421-C010879F9921}.Debug|Any CPU.Build.0 = Debug|Any CPU
		{3C910809-7EAC-42FE-9421-C010879F9921}.Debug|ARM.ActiveCfg = Debug|Any CPU
		{3C910809-7EAC-42FE-9421-C010879F9921}.Debug|ARM.Build.0 = Debug|Any CPU
		{3C910809-7EAC-42FE-9421-C010879F9921}.Debug|iPhone.ActiveCfg = Debug|Any CPU
		{3C910809-7EAC-42FE-9421-C010879F9921}.Debug|iPhone.Build.0 = Debug|Any CPU
		{3C910809-7EAC-42FE-9421-C010879F9921}.Debug|iPhoneSimulator.ActiveCfg = Debug|Any CPU
		{3C910809-7EAC-42FE-9421-C010879F9921}.Debug|iPhoneSimulator.Build.0 = Debug|Any CPU
		{3C910809-7EAC-42FE-9421-C010879F9921}.Debug|x64.ActiveCfg = Debug|Any CPU
		{3C910809-7EAC-42FE-9421-C010879F9921}.Debug|x64.Build.0 = Debug|Any CPU
		{3C910809-7EAC-42FE-9421-C010879F9921}.Debug|x86.ActiveCfg = Debug|Any CPU
		{3C910809-7EAC-42FE-9421-C010879F9921}.Debug|x86.Build.0 = Debug|Any CPU
		{3C910809-7EAC-42FE-9421-C010879F9921}.Publish|Any CPU.ActiveCfg = Release|Any CPU
		{3C910809-7EAC-42FE-9421-C010879F9921}.Publish|Any CPU.Build.0 = Release|Any CPU
		{3C910809-7EAC-42FE-9421-C010879F9921}.Publish|ARM.ActiveCfg = Debug|Any CPU
		{3C910809-7EAC-42FE-9421-C010879F9921}.Publish|ARM.Build.0 = Debug|Any CPU
		{3C910809-7EAC-42FE-9421-C010879F9921}.Publish|iPhone.ActiveCfg = Debug|Any CPU
		{3C910809-7EAC-42FE-9421-C010879F9921}.Publish|iPhone.Build.0 = Debug|Any CPU
		{3C910809-7EAC-42FE-9421-C010879F9921}.Publish|iPhoneSimulator.ActiveCfg = Debug|Any CPU
		{3C910809-7EAC-42FE-9421-C010879F9921}.Publish|iPhoneSimulator.Build.0 = Debug|Any CPU
		{3C910809-7EAC-42FE-9421-C010879F9921}.Publish|x64.ActiveCfg = Debug|Any CPU
		{3C910809-7EAC-42FE-9421-C010879F9921}.Publish|x64.Build.0 = Debug|Any CPU
		{3C910809-7EAC-42FE-9421-C010879F9921}.Publish|x86.ActiveCfg = Debug|Any CPU
		{3C910809-7EAC-42FE-9421-C010879F9921}.Publish|x86.Build.0 = Debug|Any CPU
		{3C910809-7EAC-42FE-9421-C010879F9921}.Release|Any CPU.ActiveCfg = Release|Any CPU
		{3C910809-7EAC-42FE-9421-C010879F9921}.Release|Any CPU.Build.0 = Release|Any CPU
		{3C910809-7EAC-42FE-9421-C010879F9921}.Release|ARM.ActiveCfg = Release|Any CPU
		{3C910809-7EAC-42FE-9421-C010879F9921}.Release|ARM.Build.0 = Release|Any CPU
		{3C910809-7EAC-42FE-9421-C010879F9921}.Release|iPhone.ActiveCfg = Release|Any CPU
		{3C910809-7EAC-42FE-9421-C010879F9921}.Release|iPhone.Build.0 = Release|Any CPU
		{3C910809-7EAC-42FE-9421-C010879F9921}.Release|iPhoneSimulator.ActiveCfg = Release|Any CPU
		{3C910809-7EAC-42FE-9421-C010879F9921}.Release|iPhoneSimulator.Build.0 = Release|Any CPU
		{3C910809-7EAC-42FE-9421-C010879F9921}.Release|x64.ActiveCfg = Release|Any CPU
		{3C910809-7EAC-42FE-9421-C010879F9921}.Release|x64.Build.0 = Release|Any CPU
		{3C910809-7EAC-42FE-9421-C010879F9921}.Release|x86.ActiveCfg = Release|Any CPU
		{3C910809-7EAC-42FE-9421-C010879F9921}.Release|x86.Build.0 = Release|Any CPU
	EndGlobalSection
	GlobalSection(SolutionProperties) = preSolution
		HideSolutionNode = FALSE
	EndGlobalSection
	GlobalSection(ExtensibilityGlobals) = postSolution
		SolutionGuid = {D8C190DB-BF68-4BD7-9DB8-DE92D9DC0AAB}
	EndGlobalSection
EndGlobal
